// !$*UTF8*$!
{
	archiveVersion = 1;
	classes = {
	};
	objectVersion = 46;
	objects = {

/* Begin PBXBuildFile section */
		660501AD1E6E44F100F899FD /* BindingPhoneViewController.swift in Sources */ = {isa = PBXBuildFile; fileRef = 660501AC1E6E44F100F899FD /* BindingPhoneViewController.swift */; };
		660501AF1E6E494A00F899FD /* NewPhoneViewController.swift in Sources */ = {isa = PBXBuildFile; fileRef = 660501AE1E6E494A00F899FD /* NewPhoneViewController.swift */; };
		660501B11E6E498D00F899FD /* UpdatePhoneViewController.swift in Sources */ = {isa = PBXBuildFile; fileRef = 660501B01E6E498D00F899FD /* UpdatePhoneViewController.swift */; };
		660501B31E6E537200F899FD /* UpdatePwdViewController.swift in Sources */ = {isa = PBXBuildFile; fileRef = 660501B21E6E537200F899FD /* UpdatePwdViewController.swift */; };
		662469A01E68EBB60001C31F /* AppDelegate.swift in Sources */ = {isa = PBXBuildFile; fileRef = 6624699F1E68EBB60001C31F /* AppDelegate.swift */; };
		662469A51E68EBB60001C31F /* Main.storyboard in Resources */ = {isa = PBXBuildFile; fileRef = 662469A31E68EBB60001C31F /* Main.storyboard */; };
		662469A71E68EBB60001C31F /* Assets.xcassets in Resources */ = {isa = PBXBuildFile; fileRef = 662469A61E68EBB60001C31F /* Assets.xcassets */; };
		662469AA1E68EBB60001C31F /* LaunchScreen.storyboard in Resources */ = {isa = PBXBuildFile; fileRef = 662469A81E68EBB60001C31F /* LaunchScreen.storyboard */; };
		662469B31E6902390001C31F /* MainViewController.swift in Sources */ = {isa = PBXBuildFile; fileRef = 662469B21E6902390001C31F /* MainViewController.swift */; };
		662469B61E6906320001C31F /* MenuViewController.swift in Sources */ = {isa = PBXBuildFile; fileRef = 662469B51E6906320001C31F /* MenuViewController.swift */; };
		662469BA1E690F4A0001C31F /* ITRAirSideMenu.m in Sources */ = {isa = PBXBuildFile; fileRef = 662469B91E690F4A0001C31F /* ITRAirSideMenu.m */; };
		662469C11E6918F10001C31F /* NetworkModel.swift in Sources */ = {isa = PBXBuildFile; fileRef = 662469C01E6918F10001C31F /* NetworkModel.swift */; };
		6698DF651E6E59FF0037D646 /* AbortViewController.swift in Sources */ = {isa = PBXBuildFile; fileRef = 6698DF641E6E59FF0037D646 /* AbortViewController.swift */; };
		6698DF681E6E86B90037D646 /* GoodPageViewController.swift in Sources */ = {isa = PBXBuildFile; fileRef = 6698DF671E6E86B90037D646 /* GoodPageViewController.swift */; };
		6698DF6C1E6E87AF0037D646 /* GoodViewController.swift in Sources */ = {isa = PBXBuildFile; fileRef = 6698DF6B1E6E87AF0037D646 /* GoodViewController.swift */; };
		6698DF6E1E6E87C50037D646 /* EvaluateViewController.swift in Sources */ = {isa = PBXBuildFile; fileRef = 6698DF6D1E6E87C50037D646 /* EvaluateViewController.swift */; };
		6698DF701E6E87D80037D646 /* DetailViewController.swift in Sources */ = {isa = PBXBuildFile; fileRef = 6698DF6F1E6E87D80037D646 /* DetailViewController.swift */; };
		6698DF741E6E95190037D646 /* YRCoverFlowLayout.m in Sources */ = {isa = PBXBuildFile; fileRef = 6698DF731E6E95190037D646 /* YRCoverFlowLayout.m */; };
		6698DF791E6FC3B90037D646 /* CollectionViewController.swift in Sources */ = {isa = PBXBuildFile; fileRef = 6698DF781E6FC3B90037D646 /* CollectionViewController.swift */; };
		6698DFA21E6FF0EB0037D646 /* CartViewController.swift in Sources */ = {isa = PBXBuildFile; fileRef = 6698DFA11E6FF0EB0037D646 /* CartViewController.swift */; };
		66A563D31E692B760003B532 /* Helpers.swift in Sources */ = {isa = PBXBuildFile; fileRef = 66A563D21E692B760003B532 /* Helpers.swift */; };
		66A563D61E69450A0003B532 /* UserViewController.swift in Sources */ = {isa = PBXBuildFile; fileRef = 66A563D51E69450A0003B532 /* UserViewController.swift */; };
		66A563D91E694D340003B532 /* LoginViewController.swift in Sources */ = {isa = PBXBuildFile; fileRef = 66A563D81E694D340003B532 /* LoginViewController.swift */; };
		66A563DB1E694EE00003B532 /* UITextFieldFactory.swift in Sources */ = {isa = PBXBuildFile; fileRef = 66A563DA1E694EE00003B532 /* UITextFieldFactory.swift */; };
		66A563DD1E6CEF5D0003B532 /* UserInfoViewController.swift in Sources */ = {isa = PBXBuildFile; fileRef = 66A563DC1E6CEF5D0003B532 /* UserInfoViewController.swift */; };
		66A563DF1E6D0BE20003B532 /* SettingViewController.swift in Sources */ = {isa = PBXBuildFile; fileRef = 66A563DE1E6D0BE20003B532 /* SettingViewController.swift */; };
		66A563E11E6D1DD50003B532 /* AccountViewController.swift in Sources */ = {isa = PBXBuildFile; fileRef = 66A563E01E6D1DD50003B532 /* AccountViewController.swift */; };
		66A563E31E6D346C0003B532 /* AddressViewController.swift in Sources */ = {isa = PBXBuildFile; fileRef = 66A563E21E6D346C0003B532 /* AddressViewController.swift */; };
		66A563E51E6D3D210003B532 /* EditAddressViewController.swift in Sources */ = {isa = PBXBuildFile; fileRef = 66A563E41E6D3D210003B532 /* EditAddressViewController.swift */; };
		66CFC3201E71109800CB859C /* PayViewController.swift in Sources */ = {isa = PBXBuildFile; fileRef = 66CFC31F1E71109800CB859C /* PayViewController.swift */; };
		66CFC3221E7128D700CB859C /* NavBarExtend.swift in Sources */ = {isa = PBXBuildFile; fileRef = 66CFC3211E7128D700CB859C /* NavBarExtend.swift */; };
		66CFC3251E713C1B00CB859C /* NeedPayViewController.swift in Sources */ = {isa = PBXBuildFile; fileRef = 66CFC3241E713C1B00CB859C /* NeedPayViewController.swift */; };
		66CFC3271E713C2E00CB859C /* NeedAcceptViewController.swift in Sources */ = {isa = PBXBuildFile; fileRef = 66CFC3261E713C2E00CB859C /* NeedAcceptViewController.swift */; };
		66CFC3291E713C4700CB859C /* RefundViewController.swift in Sources */ = {isa = PBXBuildFile; fileRef = 66CFC3281E713C4700CB859C /* RefundViewController.swift */; };
		66CFC32B1E713C8200CB859C /* NeedEvaluateViewController.swift in Sources */ = {isa = PBXBuildFile; fileRef = 66CFC32A1E713C8200CB859C /* NeedEvaluateViewController.swift */; };
		66CFC32D1E713C8F00CB859C /* AllOrderViewController.swift in Sources */ = {isa = PBXBuildFile; fileRef = 66CFC32C1E713C8F00CB859C /* AllOrderViewController.swift */; };
		66CFC32F1E713CCA00CB859C /* OrderPageViewController.swift in Sources */ = {isa = PBXBuildFile; fileRef = 66CFC32E1E713CCA00CB859C /* OrderPageViewController.swift */; };
		66CFC3311E72413800CB859C /* RefundDetailViewController.swift in Sources */ = {isa = PBXBuildFile; fileRef = 66CFC3301E72413800CB859C /* RefundDetailViewController.swift */; };
		66D147241E728E47005C7548 /* OrderDetailViewController.swift in Sources */ = {isa = PBXBuildFile; fileRef = 66D147231E728E47005C7548 /* OrderDetailViewController.swift */; };
		66D147281E7295F5005C7548 /* TQStarRatingView.m in Sources */ = {isa = PBXBuildFile; fileRef = 66D147271E7295F5005C7548 /* TQStarRatingView.m */; };
		66D1472A1E729A9D005C7548 /* GoodsEvaluateViewController.swift in Sources */ = {isa = PBXBuildFile; fileRef = 66D147291E729A9D005C7548 /* GoodsEvaluateViewController.swift */; };
		66E6ED0F1E70EF700009FE9C /* CommitOrderViewController.swift in Sources */ = {isa = PBXBuildFile; fileRef = 66E6ED0E1E70EF700009FE9C /* CommitOrderViewController.swift */; };
		AF10C3521EAF3CC800041C75 /* AlipaySDK.bundle in Resources */ = {isa = PBXBuildFile; fileRef = AF10C2EC1EAF3CC800041C75 /* AlipaySDK.bundle */; };
		AF10C3531EAF3CC800041C75 /* AlipaySDK.framework in Frameworks */ = {isa = PBXBuildFile; fileRef = AF10C2ED1EAF3CC800041C75 /* AlipaySDK.framework */; };
		AF10C3541EAF3CC800041C75 /* AlipaySend.m in Sources */ = {isa = PBXBuildFile; fileRef = AF10C2EF1EAF3CC800041C75 /* AlipaySend.m */; };
		AF10C3551EAF3CC800041C75 /* libcrypto.a in Frameworks */ = {isa = PBXBuildFile; fileRef = AF10C2F01EAF3CC800041C75 /* libcrypto.a */; };
		AF10C3561EAF3CC800041C75 /* libssl.a in Frameworks */ = {isa = PBXBuildFile; fileRef = AF10C2F11EAF3CC800041C75 /* libssl.a */; };
		AF10C3571EAF3CC800041C75 /* Order.m in Sources */ = {isa = PBXBuildFile; fileRef = AF10C33F1EAF3CC800041C75 /* Order.m */; };
		AF10C3581EAF3CC800041C75 /* base64.m in Sources */ = {isa = PBXBuildFile; fileRef = AF10C3421EAF3CC800041C75 /* base64.m */; };
		AF10C3591EAF3CC800041C75 /* DataSigner.m in Sources */ = {isa = PBXBuildFile; fileRef = AF10C3451EAF3CC800041C75 /* DataSigner.m */; };
		AF10C35A1EAF3CC800041C75 /* DataVerifier.m in Sources */ = {isa = PBXBuildFile; fileRef = AF10C3471EAF3CC800041C75 /* DataVerifier.m */; };
		AF10C35B1EAF3CC800041C75 /* MD5DataSigner.m in Sources */ = {isa = PBXBuildFile; fileRef = AF10C3491EAF3CC800041C75 /* MD5DataSigner.m */; };
		AF10C35C1EAF3CC800041C75 /* NSDataEx.m in Sources */ = {isa = PBXBuildFile; fileRef = AF10C34B1EAF3CC800041C75 /* NSDataEx.m */; };
		AF10C35D1EAF3CC800041C75 /* openssl_wrapper.m in Sources */ = {isa = PBXBuildFile; fileRef = AF10C34D1EAF3CC800041C75 /* openssl_wrapper.m */; };
		AF10C35E1EAF3CC800041C75 /* RSADataSigner.m in Sources */ = {isa = PBXBuildFile; fileRef = AF10C34F1EAF3CC800041C75 /* RSADataSigner.m */; };
		AF10C35F1EAF3CC800041C75 /* RSADataVerifier.m in Sources */ = {isa = PBXBuildFile; fileRef = AF10C3511EAF3CC800041C75 /* RSADataVerifier.m */; };
		AF10C3611EAF3E7400041C75 /* CoreMotion.framework in Frameworks */ = {isa = PBXBuildFile; fileRef = AF10C3601EAF3E7400041C75 /* CoreMotion.framework */; };
		AF10C3631EAF3F0100041C75 /* libc++.tbd in Frameworks */ = {isa = PBXBuildFile; fileRef = AF10C3621EAF3F0100041C75 /* libc++.tbd */; };
		AF10C3651EAF3F0A00041C75 /* libz.tbd in Frameworks */ = {isa = PBXBuildFile; fileRef = AF10C3641EAF3F0A00041C75 /* libz.tbd */; };
		AF10C3671EAF3F1200041C75 /* SystemConfiguration.framework in Frameworks */ = {isa = PBXBuildFile; fileRef = AF10C3661EAF3F1200041C75 /* SystemConfiguration.framework */; };
		AF10C36B1EAF3F1F00041C75 /* CoreTelephony.framework in Frameworks */ = {isa = PBXBuildFile; fileRef = AF10C36A1EAF3F1F00041C75 /* CoreTelephony.framework */; };
		AF10C36D1EAF3F2600041C75 /* QuartzCore.framework in Frameworks */ = {isa = PBXBuildFile; fileRef = AF10C36C1EAF3F2600041C75 /* QuartzCore.framework */; };
		AF10C36E1EAF3F2E00041C75 /* CoreText.framework in Frameworks */ = {isa = PBXBuildFile; fileRef = AF10C3681EAF3F1800041C75 /* CoreText.framework */; };
		AF10C3701EAF3F3400041C75 /* CoreGraphics.framework in Frameworks */ = {isa = PBXBuildFile; fileRef = AF10C36F1EAF3F3400041C75 /* CoreGraphics.framework */; };
		AF10C3721EAF3F3E00041C75 /* CFNetwork.framework in Frameworks */ = {isa = PBXBuildFile; fileRef = AF10C3711EAF3F3E00041C75 /* CFNetwork.framework */; };
		AF4259D51EB9FF0C00B43867 /* libSocialWechat.a in Frameworks */ = {isa = PBXBuildFile; fileRef = AF4259CB1EB9FF0C00B43867 /* libSocialWechat.a */; };
		AF4259D61EB9FF0C00B43867 /* libWeChatSDK.a in Frameworks */ = {isa = PBXBuildFile; fileRef = AF4259CC1EB9FF0C00B43867 /* libWeChatSDK.a */; };
		AF4259D71EB9FF0C00B43867 /* startWeiChatPAy.m in Sources */ = {isa = PBXBuildFile; fileRef = AF4259CE1EB9FF0C00B43867 /* startWeiChatPAy.m */; };
		AF4259D81EB9FF0C00B43867 /* WXApiManager.m in Sources */ = {isa = PBXBuildFile; fileRef = AF4259D31EB9FF0C00B43867 /* WXApiManager.m */; };
		AF4259DA1EBA03E900B43867 /* libsqlite3.tbd in Frameworks */ = {isa = PBXBuildFile; fileRef = AF4259D91EBA03E900B43867 /* libsqlite3.tbd */; };
		AF4DDF6E1E6C465C00BAEFDF /* RegistViewController.swift in Sources */ = {isa = PBXBuildFile; fileRef = AF4DDF6D1E6C465C00BAEFDF /* RegistViewController.swift */; };
		AF4DDF701E6C478800BAEFDF /* UIColor+More.swift in Sources */ = {isa = PBXBuildFile; fileRef = AF4DDF6F1E6C478800BAEFDF /* UIColor+More.swift */; };
		AF4DDF731E6C52B300BAEFDF /* UserModel.swift in Sources */ = {isa = PBXBuildFile; fileRef = AF4DDF721E6C52B300BAEFDF /* UserModel.swift */; };
		AF4DDF961E737DCE00BAEFDF /* BrandViewController.swift in Sources */ = {isa = PBXBuildFile; fileRef = AF4DDF951E737DCE00BAEFDF /* BrandViewController.swift */; };
		AF4DDF9A1E73931300BAEFDF /* GoodClassViewController.swift in Sources */ = {isa = PBXBuildFile; fileRef = AF4DDF991E73931300BAEFDF /* GoodClassViewController.swift */; };
		AFA489C91E73A92700B2895A /* MenViewController.swift in Sources */ = {isa = PBXBuildFile; fileRef = AFA489C81E73A92700B2895A /* MenViewController.swift */; };
		AFE8070E1E73A04400393254 /* TypeDetailViewController.swift in Sources */ = {isa = PBXBuildFile; fileRef = AFE8070D1E73A04400393254 /* TypeDetailViewController.swift */; };
		BF95E2C3D09DF12EDF5DF6AB /* Pods_FameShopping.framework in Frameworks */ = {isa = PBXBuildFile; fileRef = B5B29D162FB44FEC599B3FC8 /* Pods_FameShopping.framework */; };
/* End PBXBuildFile section */

/* Begin PBXFileReference section */
		64DDB78FCEC7401089CA01B6 /* Pods-FameShopping.debug.xcconfig */ = {isa = PBXFileReference; includeInIndex = 1; lastKnownFileType = text.xcconfig; name = "Pods-FameShopping.debug.xcconfig"; path = "Pods/Target Support Files/Pods-FameShopping/Pods-FameShopping.debug.xcconfig"; sourceTree = "<group>"; };
		660501AC1E6E44F100F899FD /* BindingPhoneViewController.swift */ = {isa = PBXFileReference; fileEncoding = 4; lastKnownFileType = sourcecode.swift; path = BindingPhoneViewController.swift; sourceTree = "<group>"; };
		660501AE1E6E494A00F899FD /* NewPhoneViewController.swift */ = {isa = PBXFileReference; fileEncoding = 4; lastKnownFileType = sourcecode.swift; path = NewPhoneViewController.swift; sourceTree = "<group>"; };
		660501B01E6E498D00F899FD /* UpdatePhoneViewController.swift */ = {isa = PBXFileReference; fileEncoding = 4; lastKnownFileType = sourcecode.swift; path = UpdatePhoneViewController.swift; sourceTree = "<group>"; };
		660501B21E6E537200F899FD /* UpdatePwdViewController.swift */ = {isa = PBXFileReference; fileEncoding = 4; lastKnownFileType = sourcecode.swift; path = UpdatePwdViewController.swift; sourceTree = "<group>"; };
		6624699C1E68EBB50001C31F /* FameShopping.app */ = {isa = PBXFileReference; explicitFileType = wrapper.application; includeInIndex = 0; path = FameShopping.app; sourceTree = BUILT_PRODUCTS_DIR; };
		6624699F1E68EBB60001C31F /* AppDelegate.swift */ = {isa = PBXFileReference; lastKnownFileType = sourcecode.swift; path = AppDelegate.swift; sourceTree = "<group>"; };
		662469A41E68EBB60001C31F /* Base */ = {isa = PBXFileReference; lastKnownFileType = file.storyboard; name = Base; path = Base.lproj/Main.storyboard; sourceTree = "<group>"; };
		662469A61E68EBB60001C31F /* Assets.xcassets */ = {isa = PBXFileReference; lastKnownFileType = folder.assetcatalog; path = Assets.xcassets; sourceTree = "<group>"; };
		662469A91E68EBB60001C31F /* Base */ = {isa = PBXFileReference; lastKnownFileType = file.storyboard; name = Base; path = Base.lproj/LaunchScreen.storyboard; sourceTree = "<group>"; };
		662469AB1E68EBB60001C31F /* Info.plist */ = {isa = PBXFileReference; lastKnownFileType = text.plist.xml; path = Info.plist; sourceTree = "<group>"; };
		662469B21E6902390001C31F /* MainViewController.swift */ = {isa = PBXFileReference; fileEncoding = 4; lastKnownFileType = sourcecode.swift; path = MainViewController.swift; sourceTree = "<group>"; };
		662469B51E6906320001C31F /* MenuViewController.swift */ = {isa = PBXFileReference; fileEncoding = 4; lastKnownFileType = sourcecode.swift; path = MenuViewController.swift; sourceTree = "<group>"; };
		662469B81E690F4A0001C31F /* ITRAirSideMenu.h */ = {isa = PBXFileReference; fileEncoding = 4; lastKnownFileType = sourcecode.c.h; path = ITRAirSideMenu.h; sourceTree = "<group>"; };
		662469B91E690F4A0001C31F /* ITRAirSideMenu.m */ = {isa = PBXFileReference; fileEncoding = 4; lastKnownFileType = sourcecode.c.objc; path = ITRAirSideMenu.m; sourceTree = "<group>"; };
		662469BF1E690FC50001C31F /* FameShopping-Bridging-Header.h */ = {isa = PBXFileReference; lastKnownFileType = sourcecode.c.h; path = "FameShopping-Bridging-Header.h"; sourceTree = "<group>"; };
		662469C01E6918F10001C31F /* NetworkModel.swift */ = {isa = PBXFileReference; fileEncoding = 4; lastKnownFileType = sourcecode.swift; path = NetworkModel.swift; sourceTree = "<group>"; };
		6698DF641E6E59FF0037D646 /* AbortViewController.swift */ = {isa = PBXFileReference; fileEncoding = 4; lastKnownFileType = sourcecode.swift; path = AbortViewController.swift; sourceTree = "<group>"; };
		6698DF671E6E86B90037D646 /* GoodPageViewController.swift */ = {isa = PBXFileReference; fileEncoding = 4; lastKnownFileType = sourcecode.swift; path = GoodPageViewController.swift; sourceTree = "<group>"; };
		6698DF6B1E6E87AF0037D646 /* GoodViewController.swift */ = {isa = PBXFileReference; fileEncoding = 4; lastKnownFileType = sourcecode.swift; path = GoodViewController.swift; sourceTree = "<group>"; };
		6698DF6D1E6E87C50037D646 /* EvaluateViewController.swift */ = {isa = PBXFileReference; fileEncoding = 4; lastKnownFileType = sourcecode.swift; path = EvaluateViewController.swift; sourceTree = "<group>"; };
		6698DF6F1E6E87D80037D646 /* DetailViewController.swift */ = {isa = PBXFileReference; fileEncoding = 4; lastKnownFileType = sourcecode.swift; path = DetailViewController.swift; sourceTree = "<group>"; };
		6698DF721E6E95190037D646 /* YRCoverFlowLayout.h */ = {isa = PBXFileReference; fileEncoding = 4; lastKnownFileType = sourcecode.c.h; path = YRCoverFlowLayout.h; sourceTree = "<group>"; };
		6698DF731E6E95190037D646 /* YRCoverFlowLayout.m */ = {isa = PBXFileReference; fileEncoding = 4; lastKnownFileType = sourcecode.c.objc; path = YRCoverFlowLayout.m; sourceTree = "<group>"; };
		6698DF781E6FC3B90037D646 /* CollectionViewController.swift */ = {isa = PBXFileReference; fileEncoding = 4; lastKnownFileType = sourcecode.swift; path = CollectionViewController.swift; sourceTree = "<group>"; };
		6698DFA11E6FF0EB0037D646 /* CartViewController.swift */ = {isa = PBXFileReference; fileEncoding = 4; lastKnownFileType = sourcecode.swift; path = CartViewController.swift; sourceTree = "<group>"; };
		66A563D21E692B760003B532 /* Helpers.swift */ = {isa = PBXFileReference; fileEncoding = 4; lastKnownFileType = sourcecode.swift; path = Helpers.swift; sourceTree = "<group>"; };
		66A563D51E69450A0003B532 /* UserViewController.swift */ = {isa = PBXFileReference; fileEncoding = 4; lastKnownFileType = sourcecode.swift; path = UserViewController.swift; sourceTree = "<group>"; };
		66A563D81E694D340003B532 /* LoginViewController.swift */ = {isa = PBXFileReference; fileEncoding = 4; lastKnownFileType = sourcecode.swift; path = LoginViewController.swift; sourceTree = "<group>"; };
		66A563DA1E694EE00003B532 /* UITextFieldFactory.swift */ = {isa = PBXFileReference; fileEncoding = 4; lastKnownFileType = sourcecode.swift; path = UITextFieldFactory.swift; sourceTree = "<group>"; };
		66A563DC1E6CEF5D0003B532 /* UserInfoViewController.swift */ = {isa = PBXFileReference; fileEncoding = 4; lastKnownFileType = sourcecode.swift; path = UserInfoViewController.swift; sourceTree = "<group>"; };
		66A563DE1E6D0BE20003B532 /* SettingViewController.swift */ = {isa = PBXFileReference; fileEncoding = 4; lastKnownFileType = sourcecode.swift; path = SettingViewController.swift; sourceTree = "<group>"; };
		66A563E01E6D1DD50003B532 /* AccountViewController.swift */ = {isa = PBXFileReference; fileEncoding = 4; lastKnownFileType = sourcecode.swift; path = AccountViewController.swift; sourceTree = "<group>"; };
		66A563E21E6D346C0003B532 /* AddressViewController.swift */ = {isa = PBXFileReference; fileEncoding = 4; lastKnownFileType = sourcecode.swift; path = AddressViewController.swift; sourceTree = "<group>"; };
		66A563E41E6D3D210003B532 /* EditAddressViewController.swift */ = {isa = PBXFileReference; fileEncoding = 4; lastKnownFileType = sourcecode.swift; path = EditAddressViewController.swift; sourceTree = "<group>"; };
		66CFC31F1E71109800CB859C /* PayViewController.swift */ = {isa = PBXFileReference; fileEncoding = 4; lastKnownFileType = sourcecode.swift; path = PayViewController.swift; sourceTree = "<group>"; };
		66CFC3211E7128D700CB859C /* NavBarExtend.swift */ = {isa = PBXFileReference; fileEncoding = 4; lastKnownFileType = sourcecode.swift; path = NavBarExtend.swift; sourceTree = "<group>"; };
		66CFC3241E713C1B00CB859C /* NeedPayViewController.swift */ = {isa = PBXFileReference; fileEncoding = 4; lastKnownFileType = sourcecode.swift; path = NeedPayViewController.swift; sourceTree = "<group>"; };
		66CFC3261E713C2E00CB859C /* NeedAcceptViewController.swift */ = {isa = PBXFileReference; fileEncoding = 4; lastKnownFileType = sourcecode.swift; path = NeedAcceptViewController.swift; sourceTree = "<group>"; };
		66CFC3281E713C4700CB859C /* RefundViewController.swift */ = {isa = PBXFileReference; fileEncoding = 4; lastKnownFileType = sourcecode.swift; path = RefundViewController.swift; sourceTree = "<group>"; };
		66CFC32A1E713C8200CB859C /* NeedEvaluateViewController.swift */ = {isa = PBXFileReference; fileEncoding = 4; lastKnownFileType = sourcecode.swift; path = NeedEvaluateViewController.swift; sourceTree = "<group>"; };
		66CFC32C1E713C8F00CB859C /* AllOrderViewController.swift */ = {isa = PBXFileReference; fileEncoding = 4; lastKnownFileType = sourcecode.swift; path = AllOrderViewController.swift; sourceTree = "<group>"; };
		66CFC32E1E713CCA00CB859C /* OrderPageViewController.swift */ = {isa = PBXFileReference; fileEncoding = 4; lastKnownFileType = sourcecode.swift; path = OrderPageViewController.swift; sourceTree = "<group>"; };
		66CFC3301E72413800CB859C /* RefundDetailViewController.swift */ = {isa = PBXFileReference; fileEncoding = 4; lastKnownFileType = sourcecode.swift; path = RefundDetailViewController.swift; sourceTree = "<group>"; };
		66D147231E728E47005C7548 /* OrderDetailViewController.swift */ = {isa = PBXFileReference; fileEncoding = 4; lastKnownFileType = sourcecode.swift; path = OrderDetailViewController.swift; sourceTree = "<group>"; };
		66D147261E7295F5005C7548 /* TQStarRatingView.h */ = {isa = PBXFileReference; fileEncoding = 4; lastKnownFileType = sourcecode.c.h; path = TQStarRatingView.h; sourceTree = "<group>"; };
		66D147271E7295F5005C7548 /* TQStarRatingView.m */ = {isa = PBXFileReference; fileEncoding = 4; lastKnownFileType = sourcecode.c.objc; path = TQStarRatingView.m; sourceTree = "<group>"; };
		66D147291E729A9D005C7548 /* GoodsEvaluateViewController.swift */ = {isa = PBXFileReference; fileEncoding = 4; lastKnownFileType = sourcecode.swift; path = GoodsEvaluateViewController.swift; sourceTree = "<group>"; };
		66E6ED0E1E70EF700009FE9C /* CommitOrderViewController.swift */ = {isa = PBXFileReference; fileEncoding = 4; lastKnownFileType = sourcecode.swift; path = CommitOrderViewController.swift; sourceTree = "<group>"; };
		AF10C2EC1EAF3CC800041C75 /* AlipaySDK.bundle */ = {isa = PBXFileReference; lastKnownFileType = "wrapper.plug-in"; path = AlipaySDK.bundle; sourceTree = "<group>"; };
		AF10C2ED1EAF3CC800041C75 /* AlipaySDK.framework */ = {isa = PBXFileReference; lastKnownFileType = wrapper.framework; path = AlipaySDK.framework; sourceTree = "<group>"; };
		AF10C2EE1EAF3CC800041C75 /* AlipaySend.h */ = {isa = PBXFileReference; fileEncoding = 4; lastKnownFileType = sourcecode.c.h; path = AlipaySend.h; sourceTree = "<group>"; };
		AF10C2EF1EAF3CC800041C75 /* AlipaySend.m */ = {isa = PBXFileReference; fileEncoding = 4; lastKnownFileType = sourcecode.c.objc; path = AlipaySend.m; sourceTree = "<group>"; };
		AF10C2F01EAF3CC800041C75 /* libcrypto.a */ = {isa = PBXFileReference; lastKnownFileType = archive.ar; path = libcrypto.a; sourceTree = "<group>"; };
		AF10C2F11EAF3CC800041C75 /* libssl.a */ = {isa = PBXFileReference; lastKnownFileType = archive.ar; path = libssl.a; sourceTree = "<group>"; };
		AF10C2F31EAF3CC800041C75 /* aes.h */ = {isa = PBXFileReference; fileEncoding = 4; lastKnownFileType = sourcecode.c.h; path = aes.h; sourceTree = "<group>"; };
		AF10C2F41EAF3CC800041C75 /* asn1.h */ = {isa = PBXFileReference; fileEncoding = 4; lastKnownFileType = sourcecode.c.h; path = asn1.h; sourceTree = "<group>"; };
		AF10C2F51EAF3CC800041C75 /* asn1_mac.h */ = {isa = PBXFileReference; fileEncoding = 4; lastKnownFileType = sourcecode.c.h; path = asn1_mac.h; sourceTree = "<group>"; };
		AF10C2F61EAF3CC800041C75 /* asn1t.h */ = {isa = PBXFileReference; fileEncoding = 4; lastKnownFileType = sourcecode.c.h; path = asn1t.h; sourceTree = "<group>"; };
		AF10C2F71EAF3CC800041C75 /* bio.h */ = {isa = PBXFileReference; fileEncoding = 4; lastKnownFileType = sourcecode.c.h; path = bio.h; sourceTree = "<group>"; };
		AF10C2F81EAF3CC800041C75 /* blowfish.h */ = {isa = PBXFileReference; fileEncoding = 4; lastKnownFileType = sourcecode.c.h; path = blowfish.h; sourceTree = "<group>"; };
		AF10C2F91EAF3CC800041C75 /* bn.h */ = {isa = PBXFileReference; fileEncoding = 4; lastKnownFileType = sourcecode.c.h; path = bn.h; sourceTree = "<group>"; };
		AF10C2FA1EAF3CC800041C75 /* buffer.h */ = {isa = PBXFileReference; fileEncoding = 4; lastKnownFileType = sourcecode.c.h; path = buffer.h; sourceTree = "<group>"; };
		AF10C2FB1EAF3CC800041C75 /* camellia.h */ = {isa = PBXFileReference; fileEncoding = 4; lastKnownFileType = sourcecode.c.h; path = camellia.h; sourceTree = "<group>"; };
		AF10C2FC1EAF3CC800041C75 /* cast.h */ = {isa = PBXFileReference; fileEncoding = 4; lastKnownFileType = sourcecode.c.h; path = cast.h; sourceTree = "<group>"; };
		AF10C2FD1EAF3CC800041C75 /* cmac.h */ = {isa = PBXFileReference; fileEncoding = 4; lastKnownFileType = sourcecode.c.h; path = cmac.h; sourceTree = "<group>"; };
		AF10C2FE1EAF3CC800041C75 /* cms.h */ = {isa = PBXFileReference; fileEncoding = 4; lastKnownFileType = sourcecode.c.h; path = cms.h; sourceTree = "<group>"; };
		AF10C2FF1EAF3CC800041C75 /* comp.h */ = {isa = PBXFileReference; fileEncoding = 4; lastKnownFileType = sourcecode.c.h; path = comp.h; sourceTree = "<group>"; };
		AF10C3001EAF3CC800041C75 /* conf.h */ = {isa = PBXFileReference; fileEncoding = 4; lastKnownFileType = sourcecode.c.h; path = conf.h; sourceTree = "<group>"; };
		AF10C3011EAF3CC800041C75 /* conf_api.h */ = {isa = PBXFileReference; fileEncoding = 4; lastKnownFileType = sourcecode.c.h; path = conf_api.h; sourceTree = "<group>"; };
		AF10C3021EAF3CC800041C75 /* crypto.h */ = {isa = PBXFileReference; fileEncoding = 4; lastKnownFileType = sourcecode.c.h; path = crypto.h; sourceTree = "<group>"; };
		AF10C3031EAF3CC800041C75 /* des.h */ = {isa = PBXFileReference; fileEncoding = 4; lastKnownFileType = sourcecode.c.h; path = des.h; sourceTree = "<group>"; };
		AF10C3041EAF3CC800041C75 /* des_old.h */ = {isa = PBXFileReference; fileEncoding = 4; lastKnownFileType = sourcecode.c.h; path = des_old.h; sourceTree = "<group>"; };
		AF10C3051EAF3CC800041C75 /* dh.h */ = {isa = PBXFileReference; fileEncoding = 4; lastKnownFileType = sourcecode.c.h; path = dh.h; sourceTree = "<group>"; };
		AF10C3061EAF3CC800041C75 /* dsa.h */ = {isa = PBXFileReference; fileEncoding = 4; lastKnownFileType = sourcecode.c.h; path = dsa.h; sourceTree = "<group>"; };
		AF10C3071EAF3CC800041C75 /* dso.h */ = {isa = PBXFileReference; fileEncoding = 4; lastKnownFileType = sourcecode.c.h; path = dso.h; sourceTree = "<group>"; };
		AF10C3081EAF3CC800041C75 /* dtls1.h */ = {isa = PBXFileReference; fileEncoding = 4; lastKnownFileType = sourcecode.c.h; path = dtls1.h; sourceTree = "<group>"; };
		AF10C3091EAF3CC800041C75 /* e_os2.h */ = {isa = PBXFileReference; fileEncoding = 4; lastKnownFileType = sourcecode.c.h; path = e_os2.h; sourceTree = "<group>"; };
		AF10C30A1EAF3CC800041C75 /* ebcdic.h */ = {isa = PBXFileReference; fileEncoding = 4; lastKnownFileType = sourcecode.c.h; path = ebcdic.h; sourceTree = "<group>"; };
		AF10C30B1EAF3CC800041C75 /* ec.h */ = {isa = PBXFileReference; fileEncoding = 4; lastKnownFileType = sourcecode.c.h; path = ec.h; sourceTree = "<group>"; };
		AF10C30C1EAF3CC800041C75 /* ecdh.h */ = {isa = PBXFileReference; fileEncoding = 4; lastKnownFileType = sourcecode.c.h; path = ecdh.h; sourceTree = "<group>"; };
		AF10C30D1EAF3CC800041C75 /* ecdsa.h */ = {isa = PBXFileReference; fileEncoding = 4; lastKnownFileType = sourcecode.c.h; path = ecdsa.h; sourceTree = "<group>"; };
		AF10C30E1EAF3CC800041C75 /* engine.h */ = {isa = PBXFileReference; fileEncoding = 4; lastKnownFileType = sourcecode.c.h; path = engine.h; sourceTree = "<group>"; };
		AF10C30F1EAF3CC800041C75 /* err.h */ = {isa = PBXFileReference; fileEncoding = 4; lastKnownFileType = sourcecode.c.h; path = err.h; sourceTree = "<group>"; };
		AF10C3101EAF3CC800041C75 /* evp.h */ = {isa = PBXFileReference; fileEncoding = 4; lastKnownFileType = sourcecode.c.h; path = evp.h; sourceTree = "<group>"; };
		AF10C3111EAF3CC800041C75 /* hmac.h */ = {isa = PBXFileReference; fileEncoding = 4; lastKnownFileType = sourcecode.c.h; path = hmac.h; sourceTree = "<group>"; };
		AF10C3121EAF3CC800041C75 /* idea.h */ = {isa = PBXFileReference; fileEncoding = 4; lastKnownFileType = sourcecode.c.h; path = idea.h; sourceTree = "<group>"; };
		AF10C3131EAF3CC800041C75 /* krb5_asn.h */ = {isa = PBXFileReference; fileEncoding = 4; lastKnownFileType = sourcecode.c.h; path = krb5_asn.h; sourceTree = "<group>"; };
		AF10C3141EAF3CC800041C75 /* kssl.h */ = {isa = PBXFileReference; fileEncoding = 4; lastKnownFileType = sourcecode.c.h; path = kssl.h; sourceTree = "<group>"; };
		AF10C3151EAF3CC800041C75 /* lhash.h */ = {isa = PBXFileReference; fileEncoding = 4; lastKnownFileType = sourcecode.c.h; path = lhash.h; sourceTree = "<group>"; };
		AF10C3161EAF3CC800041C75 /* md4.h */ = {isa = PBXFileReference; fileEncoding = 4; lastKnownFileType = sourcecode.c.h; path = md4.h; sourceTree = "<group>"; };
		AF10C3171EAF3CC800041C75 /* md5.h */ = {isa = PBXFileReference; fileEncoding = 4; lastKnownFileType = sourcecode.c.h; path = md5.h; sourceTree = "<group>"; };
		AF10C3181EAF3CC800041C75 /* mdc2.h */ = {isa = PBXFileReference; fileEncoding = 4; lastKnownFileType = sourcecode.c.h; path = mdc2.h; sourceTree = "<group>"; };
		AF10C3191EAF3CC800041C75 /* modes.h */ = {isa = PBXFileReference; fileEncoding = 4; lastKnownFileType = sourcecode.c.h; path = modes.h; sourceTree = "<group>"; };
		AF10C31A1EAF3CC800041C75 /* obj_mac.h */ = {isa = PBXFileReference; fileEncoding = 4; lastKnownFileType = sourcecode.c.h; path = obj_mac.h; sourceTree = "<group>"; };
		AF10C31B1EAF3CC800041C75 /* objects.h */ = {isa = PBXFileReference; fileEncoding = 4; lastKnownFileType = sourcecode.c.h; path = objects.h; sourceTree = "<group>"; };
		AF10C31C1EAF3CC800041C75 /* ocsp.h */ = {isa = PBXFileReference; fileEncoding = 4; lastKnownFileType = sourcecode.c.h; path = ocsp.h; sourceTree = "<group>"; };
		AF10C31D1EAF3CC800041C75 /* opensslconf.h */ = {isa = PBXFileReference; fileEncoding = 4; lastKnownFileType = sourcecode.c.h; path = opensslconf.h; sourceTree = "<group>"; };
		AF10C31E1EAF3CC800041C75 /* opensslv.h */ = {isa = PBXFileReference; fileEncoding = 4; lastKnownFileType = sourcecode.c.h; path = opensslv.h; sourceTree = "<group>"; };
		AF10C31F1EAF3CC800041C75 /* ossl_typ.h */ = {isa = PBXFileReference; fileEncoding = 4; lastKnownFileType = sourcecode.c.h; path = ossl_typ.h; sourceTree = "<group>"; };
		AF10C3201EAF3CC800041C75 /* pem.h */ = {isa = PBXFileReference; fileEncoding = 4; lastKnownFileType = sourcecode.c.h; path = pem.h; sourceTree = "<group>"; };
		AF10C3211EAF3CC800041C75 /* pem2.h */ = {isa = PBXFileReference; fileEncoding = 4; lastKnownFileType = sourcecode.c.h; path = pem2.h; sourceTree = "<group>"; };
		AF10C3221EAF3CC800041C75 /* pkcs12.h */ = {isa = PBXFileReference; fileEncoding = 4; lastKnownFileType = sourcecode.c.h; path = pkcs12.h; sourceTree = "<group>"; };
		AF10C3231EAF3CC800041C75 /* pkcs7.h */ = {isa = PBXFileReference; fileEncoding = 4; lastKnownFileType = sourcecode.c.h; path = pkcs7.h; sourceTree = "<group>"; };
		AF10C3241EAF3CC800041C75 /* pqueue.h */ = {isa = PBXFileReference; fileEncoding = 4; lastKnownFileType = sourcecode.c.h; path = pqueue.h; sourceTree = "<group>"; };
		AF10C3251EAF3CC800041C75 /* rand.h */ = {isa = PBXFileReference; fileEncoding = 4; lastKnownFileType = sourcecode.c.h; path = rand.h; sourceTree = "<group>"; };
		AF10C3261EAF3CC800041C75 /* rc2.h */ = {isa = PBXFileReference; fileEncoding = 4; lastKnownFileType = sourcecode.c.h; path = rc2.h; sourceTree = "<group>"; };
		AF10C3271EAF3CC800041C75 /* rc4.h */ = {isa = PBXFileReference; fileEncoding = 4; lastKnownFileType = sourcecode.c.h; path = rc4.h; sourceTree = "<group>"; };
		AF10C3281EAF3CC800041C75 /* ripemd.h */ = {isa = PBXFileReference; fileEncoding = 4; lastKnownFileType = sourcecode.c.h; path = ripemd.h; sourceTree = "<group>"; };
		AF10C3291EAF3CC800041C75 /* rsa.h */ = {isa = PBXFileReference; fileEncoding = 4; lastKnownFileType = sourcecode.c.h; path = rsa.h; sourceTree = "<group>"; };
		AF10C32A1EAF3CC800041C75 /* safestack.h */ = {isa = PBXFileReference; fileEncoding = 4; lastKnownFileType = sourcecode.c.h; path = safestack.h; sourceTree = "<group>"; };
		AF10C32B1EAF3CC800041C75 /* seed.h */ = {isa = PBXFileReference; fileEncoding = 4; lastKnownFileType = sourcecode.c.h; path = seed.h; sourceTree = "<group>"; };
		AF10C32C1EAF3CC800041C75 /* sha.h */ = {isa = PBXFileReference; fileEncoding = 4; lastKnownFileType = sourcecode.c.h; path = sha.h; sourceTree = "<group>"; };
		AF10C32D1EAF3CC800041C75 /* srp.h */ = {isa = PBXFileReference; fileEncoding = 4; lastKnownFileType = sourcecode.c.h; path = srp.h; sourceTree = "<group>"; };
		AF10C32E1EAF3CC800041C75 /* srtp.h */ = {isa = PBXFileReference; fileEncoding = 4; lastKnownFileType = sourcecode.c.h; path = srtp.h; sourceTree = "<group>"; };
		AF10C32F1EAF3CC800041C75 /* ssl.h */ = {isa = PBXFileReference; fileEncoding = 4; lastKnownFileType = sourcecode.c.h; path = ssl.h; sourceTree = "<group>"; };
		AF10C3301EAF3CC800041C75 /* ssl2.h */ = {isa = PBXFileReference; fileEncoding = 4; lastKnownFileType = sourcecode.c.h; path = ssl2.h; sourceTree = "<group>"; };
		AF10C3311EAF3CC800041C75 /* ssl23.h */ = {isa = PBXFileReference; fileEncoding = 4; lastKnownFileType = sourcecode.c.h; path = ssl23.h; sourceTree = "<group>"; };
		AF10C3321EAF3CC800041C75 /* ssl3.h */ = {isa = PBXFileReference; fileEncoding = 4; lastKnownFileType = sourcecode.c.h; path = ssl3.h; sourceTree = "<group>"; };
		AF10C3331EAF3CC800041C75 /* stack.h */ = {isa = PBXFileReference; fileEncoding = 4; lastKnownFileType = sourcecode.c.h; path = stack.h; sourceTree = "<group>"; };
		AF10C3341EAF3CC800041C75 /* symhacks.h */ = {isa = PBXFileReference; fileEncoding = 4; lastKnownFileType = sourcecode.c.h; path = symhacks.h; sourceTree = "<group>"; };
		AF10C3351EAF3CC800041C75 /* tls1.h */ = {isa = PBXFileReference; fileEncoding = 4; lastKnownFileType = sourcecode.c.h; path = tls1.h; sourceTree = "<group>"; };
		AF10C3361EAF3CC800041C75 /* ts.h */ = {isa = PBXFileReference; fileEncoding = 4; lastKnownFileType = sourcecode.c.h; path = ts.h; sourceTree = "<group>"; };
		AF10C3371EAF3CC800041C75 /* txt_db.h */ = {isa = PBXFileReference; fileEncoding = 4; lastKnownFileType = sourcecode.c.h; path = txt_db.h; sourceTree = "<group>"; };
		AF10C3381EAF3CC800041C75 /* ui.h */ = {isa = PBXFileReference; fileEncoding = 4; lastKnownFileType = sourcecode.c.h; path = ui.h; sourceTree = "<group>"; };
		AF10C3391EAF3CC800041C75 /* ui_compat.h */ = {isa = PBXFileReference; fileEncoding = 4; lastKnownFileType = sourcecode.c.h; path = ui_compat.h; sourceTree = "<group>"; };
		AF10C33A1EAF3CC800041C75 /* whrlpool.h */ = {isa = PBXFileReference; fileEncoding = 4; lastKnownFileType = sourcecode.c.h; path = whrlpool.h; sourceTree = "<group>"; };
		AF10C33B1EAF3CC800041C75 /* x509.h */ = {isa = PBXFileReference; fileEncoding = 4; lastKnownFileType = sourcecode.c.h; path = x509.h; sourceTree = "<group>"; };
		AF10C33C1EAF3CC800041C75 /* x509_vfy.h */ = {isa = PBXFileReference; fileEncoding = 4; lastKnownFileType = sourcecode.c.h; path = x509_vfy.h; sourceTree = "<group>"; };
		AF10C33D1EAF3CC800041C75 /* x509v3.h */ = {isa = PBXFileReference; fileEncoding = 4; lastKnownFileType = sourcecode.c.h; path = x509v3.h; sourceTree = "<group>"; };
		AF10C33E1EAF3CC800041C75 /* Order.h */ = {isa = PBXFileReference; fileEncoding = 4; lastKnownFileType = sourcecode.c.h; path = Order.h; sourceTree = "<group>"; };
		AF10C33F1EAF3CC800041C75 /* Order.m */ = {isa = PBXFileReference; fileEncoding = 4; lastKnownFileType = sourcecode.c.objc; path = Order.m; sourceTree = "<group>"; };
		AF10C3411EAF3CC800041C75 /* base64.h */ = {isa = PBXFileReference; fileEncoding = 4; lastKnownFileType = sourcecode.c.h; path = base64.h; sourceTree = "<group>"; };
		AF10C3421EAF3CC800041C75 /* base64.m */ = {isa = PBXFileReference; fileEncoding = 4; lastKnownFileType = sourcecode.c.objc; path = base64.m; sourceTree = "<group>"; };
		AF10C3431EAF3CC800041C75 /* config.h */ = {isa = PBXFileReference; fileEncoding = 4; lastKnownFileType = sourcecode.c.h; path = config.h; sourceTree = "<group>"; };
		AF10C3441EAF3CC800041C75 /* DataSigner.h */ = {isa = PBXFileReference; fileEncoding = 4; lastKnownFileType = sourcecode.c.h; path = DataSigner.h; sourceTree = "<group>"; };
		AF10C3451EAF3CC800041C75 /* DataSigner.m */ = {isa = PBXFileReference; fileEncoding = 4; lastKnownFileType = sourcecode.c.objc; path = DataSigner.m; sourceTree = "<group>"; };
		AF10C3461EAF3CC800041C75 /* DataVerifier.h */ = {isa = PBXFileReference; fileEncoding = 4; lastKnownFileType = sourcecode.c.h; path = DataVerifier.h; sourceTree = "<group>"; };
		AF10C3471EAF3CC800041C75 /* DataVerifier.m */ = {isa = PBXFileReference; fileEncoding = 4; lastKnownFileType = sourcecode.c.objc; path = DataVerifier.m; sourceTree = "<group>"; };
		AF10C3481EAF3CC800041C75 /* MD5DataSigner.h */ = {isa = PBXFileReference; fileEncoding = 4; lastKnownFileType = sourcecode.c.h; path = MD5DataSigner.h; sourceTree = "<group>"; };
		AF10C3491EAF3CC800041C75 /* MD5DataSigner.m */ = {isa = PBXFileReference; fileEncoding = 4; lastKnownFileType = sourcecode.c.objc; path = MD5DataSigner.m; sourceTree = "<group>"; };
		AF10C34A1EAF3CC800041C75 /* NSDataEx.h */ = {isa = PBXFileReference; fileEncoding = 4; lastKnownFileType = sourcecode.c.h; path = NSDataEx.h; sourceTree = "<group>"; };
		AF10C34B1EAF3CC800041C75 /* NSDataEx.m */ = {isa = PBXFileReference; fileEncoding = 4; lastKnownFileType = sourcecode.c.objc; path = NSDataEx.m; sourceTree = "<group>"; };
		AF10C34C1EAF3CC800041C75 /* openssl_wrapper.h */ = {isa = PBXFileReference; fileEncoding = 4; lastKnownFileType = sourcecode.c.h; path = openssl_wrapper.h; sourceTree = "<group>"; };
		AF10C34D1EAF3CC800041C75 /* openssl_wrapper.m */ = {isa = PBXFileReference; fileEncoding = 4; lastKnownFileType = sourcecode.c.objc; path = openssl_wrapper.m; sourceTree = "<group>"; };
		AF10C34E1EAF3CC800041C75 /* RSADataSigner.h */ = {isa = PBXFileReference; fileEncoding = 4; lastKnownFileType = sourcecode.c.h; path = RSADataSigner.h; sourceTree = "<group>"; };
		AF10C34F1EAF3CC800041C75 /* RSADataSigner.m */ = {isa = PBXFileReference; fileEncoding = 4; lastKnownFileType = sourcecode.c.objc; path = RSADataSigner.m; sourceTree = "<group>"; };
		AF10C3501EAF3CC800041C75 /* RSADataVerifier.h */ = {isa = PBXFileReference; fileEncoding = 4; lastKnownFileType = sourcecode.c.h; path = RSADataVerifier.h; sourceTree = "<group>"; };
		AF10C3511EAF3CC800041C75 /* RSADataVerifier.m */ = {isa = PBXFileReference; fileEncoding = 4; lastKnownFileType = sourcecode.c.objc; path = RSADataVerifier.m; sourceTree = "<group>"; };
		AF10C3601EAF3E7400041C75 /* CoreMotion.framework */ = {isa = PBXFileReference; lastKnownFileType = wrapper.framework; name = CoreMotion.framework; path = System/Library/Frameworks/CoreMotion.framework; sourceTree = SDKROOT; };
		AF10C3621EAF3F0100041C75 /* libc++.tbd */ = {isa = PBXFileReference; lastKnownFileType = "sourcecode.text-based-dylib-definition"; name = "libc++.tbd"; path = "usr/lib/libc++.tbd"; sourceTree = SDKROOT; };
		AF10C3641EAF3F0A00041C75 /* libz.tbd */ = {isa = PBXFileReference; lastKnownFileType = "sourcecode.text-based-dylib-definition"; name = libz.tbd; path = usr/lib/libz.tbd; sourceTree = SDKROOT; };
		AF10C3661EAF3F1200041C75 /* SystemConfiguration.framework */ = {isa = PBXFileReference; lastKnownFileType = wrapper.framework; name = SystemConfiguration.framework; path = System/Library/Frameworks/SystemConfiguration.framework; sourceTree = SDKROOT; };
		AF10C3681EAF3F1800041C75 /* CoreText.framework */ = {isa = PBXFileReference; lastKnownFileType = wrapper.framework; name = CoreText.framework; path = System/Library/Frameworks/CoreText.framework; sourceTree = SDKROOT; };
		AF10C36A1EAF3F1F00041C75 /* CoreTelephony.framework */ = {isa = PBXFileReference; lastKnownFileType = wrapper.framework; name = CoreTelephony.framework; path = System/Library/Frameworks/CoreTelephony.framework; sourceTree = SDKROOT; };
		AF10C36C1EAF3F2600041C75 /* QuartzCore.framework */ = {isa = PBXFileReference; lastKnownFileType = wrapper.framework; name = QuartzCore.framework; path = System/Library/Frameworks/QuartzCore.framework; sourceTree = SDKROOT; };
		AF10C36F1EAF3F3400041C75 /* CoreGraphics.framework */ = {isa = PBXFileReference; lastKnownFileType = wrapper.framework; name = CoreGraphics.framework; path = System/Library/Frameworks/CoreGraphics.framework; sourceTree = SDKROOT; };
		AF10C3711EAF3F3E00041C75 /* CFNetwork.framework */ = {isa = PBXFileReference; lastKnownFileType = wrapper.framework; name = CFNetwork.framework; path = System/Library/Frameworks/CFNetwork.framework; sourceTree = SDKROOT; };
		AF4259CB1EB9FF0C00B43867 /* libSocialWechat.a */ = {isa = PBXFileReference; lastKnownFileType = archive.ar; path = libSocialWechat.a; sourceTree = "<group>"; };
		AF4259CC1EB9FF0C00B43867 /* libWeChatSDK.a */ = {isa = PBXFileReference; lastKnownFileType = archive.ar; path = libWeChatSDK.a; sourceTree = "<group>"; };
		AF4259CD1EB9FF0C00B43867 /* startWeiChatPAy.h */ = {isa = PBXFileReference; fileEncoding = 4; lastKnownFileType = sourcecode.c.h; path = startWeiChatPAy.h; sourceTree = "<group>"; };
		AF4259CE1EB9FF0C00B43867 /* startWeiChatPAy.m */ = {isa = PBXFileReference; fileEncoding = 4; lastKnownFileType = sourcecode.c.objc; path = startWeiChatPAy.m; sourceTree = "<group>"; };
		AF4259CF1EB9FF0C00B43867 /* UMSocialWechatHandler.h */ = {isa = PBXFileReference; fileEncoding = 4; lastKnownFileType = sourcecode.c.h; path = UMSocialWechatHandler.h; sourceTree = "<group>"; };
		AF4259D01EB9FF0C00B43867 /* WechatAuthSDK.h */ = {isa = PBXFileReference; fileEncoding = 4; lastKnownFileType = sourcecode.c.h; path = WechatAuthSDK.h; sourceTree = "<group>"; };
		AF4259D11EB9FF0C00B43867 /* WXApi.h */ = {isa = PBXFileReference; fileEncoding = 4; lastKnownFileType = sourcecode.c.h; path = WXApi.h; sourceTree = "<group>"; };
		AF4259D21EB9FF0C00B43867 /* WXApiManager.h */ = {isa = PBXFileReference; fileEncoding = 4; lastKnownFileType = sourcecode.c.h; path = WXApiManager.h; sourceTree = "<group>"; };
		AF4259D31EB9FF0C00B43867 /* WXApiManager.m */ = {isa = PBXFileReference; fileEncoding = 4; lastKnownFileType = sourcecode.c.objc; path = WXApiManager.m; sourceTree = "<group>"; };
		AF4259D41EB9FF0C00B43867 /* WXApiObject.h */ = {isa = PBXFileReference; fileEncoding = 4; lastKnownFileType = sourcecode.c.h; path = WXApiObject.h; sourceTree = "<group>"; };
		AF4259D91EBA03E900B43867 /* libsqlite3.tbd */ = {isa = PBXFileReference; lastKnownFileType = "sourcecode.text-based-dylib-definition"; name = libsqlite3.tbd; path = usr/lib/libsqlite3.tbd; sourceTree = SDKROOT; };
		AF4DDF6D1E6C465C00BAEFDF /* RegistViewController.swift */ = {isa = PBXFileReference; fileEncoding = 4; lastKnownFileType = sourcecode.swift; path = RegistViewController.swift; sourceTree = "<group>"; };
		AF4DDF6F1E6C478800BAEFDF /* UIColor+More.swift */ = {isa = PBXFileReference; fileEncoding = 4; lastKnownFileType = sourcecode.swift; path = "UIColor+More.swift"; sourceTree = "<group>"; };
		AF4DDF721E6C52B300BAEFDF /* UserModel.swift */ = {isa = PBXFileReference; fileEncoding = 4; lastKnownFileType = sourcecode.swift; path = UserModel.swift; sourceTree = "<group>"; };
		AF4DDF951E737DCE00BAEFDF /* BrandViewController.swift */ = {isa = PBXFileReference; fileEncoding = 4; lastKnownFileType = sourcecode.swift; path = BrandViewController.swift; sourceTree = "<group>"; };
		AF4DDF991E73931300BAEFDF /* GoodClassViewController.swift */ = {isa = PBXFileReference; fileEncoding = 4; lastKnownFileType = sourcecode.swift; path = GoodClassViewController.swift; sourceTree = "<group>"; };
		AFA489C81E73A92700B2895A /* MenViewController.swift */ = {isa = PBXFileReference; fileEncoding = 4; lastKnownFileType = sourcecode.swift; path = MenViewController.swift; sourceTree = "<group>"; };
		AFE8070D1E73A04400393254 /* TypeDetailViewController.swift */ = {isa = PBXFileReference; fileEncoding = 4; lastKnownFileType = sourcecode.swift; path = TypeDetailViewController.swift; sourceTree = "<group>"; };
		B5B29D162FB44FEC599B3FC8 /* Pods_FameShopping.framework */ = {isa = PBXFileReference; explicitFileType = wrapper.framework; includeInIndex = 0; path = Pods_FameShopping.framework; sourceTree = BUILT_PRODUCTS_DIR; };
		FB441D473B5556AAD26B19DE /* Pods-FameShopping.release.xcconfig */ = {isa = PBXFileReference; includeInIndex = 1; lastKnownFileType = text.xcconfig; name = "Pods-FameShopping.release.xcconfig"; path = "Pods/Target Support Files/Pods-FameShopping/Pods-FameShopping.release.xcconfig"; sourceTree = "<group>"; };
/* End PBXFileReference section */

/* Begin PBXFrameworksBuildPhase section */
		662469991E68EBB50001C31F /* Frameworks */ = {
			isa = PBXFrameworksBuildPhase;
			buildActionMask = 2147483647;
			files = (
				AF4259DA1EBA03E900B43867 /* libsqlite3.tbd in Frameworks */,
				AF10C3721EAF3F3E00041C75 /* CFNetwork.framework in Frameworks */,
				AF10C3701EAF3F3400041C75 /* CoreGraphics.framework in Frameworks */,
				AF10C36E1EAF3F2E00041C75 /* CoreText.framework in Frameworks */,
				AF10C36D1EAF3F2600041C75 /* QuartzCore.framework in Frameworks */,
				AF10C36B1EAF3F1F00041C75 /* CoreTelephony.framework in Frameworks */,
				AF10C3671EAF3F1200041C75 /* SystemConfiguration.framework in Frameworks */,
				AF4259D51EB9FF0C00B43867 /* libSocialWechat.a in Frameworks */,
				AF10C3651EAF3F0A00041C75 /* libz.tbd in Frameworks */,
				AF10C3631EAF3F0100041C75 /* libc++.tbd in Frameworks */,
				AF10C3611EAF3E7400041C75 /* CoreMotion.framework in Frameworks */,
				AF10C3561EAF3CC800041C75 /* libssl.a in Frameworks */,
				BF95E2C3D09DF12EDF5DF6AB /* Pods_FameShopping.framework in Frameworks */,
				AF10C3531EAF3CC800041C75 /* AlipaySDK.framework in Frameworks */,
				AF10C3551EAF3CC800041C75 /* libcrypto.a in Frameworks */,
				AF4259D61EB9FF0C00B43867 /* libWeChatSDK.a in Frameworks */,
			);
			runOnlyForDeploymentPostprocessing = 0;
		};
/* End PBXFrameworksBuildPhase section */

/* Begin PBXGroup section */
		662469931E68EBB50001C31F = {
			isa = PBXGroup;
			children = (
				6624699E1E68EBB50001C31F /* FameShopping */,
				6624699D1E68EBB50001C31F /* Products */,
				D7EE56AC3C8BD840915D5870 /* Pods */,
				DCDB2BDC594989A1D61F6C71 /* Frameworks */,
			);
			sourceTree = "<group>";
		};
		6624699D1E68EBB50001C31F /* Products */ = {
			isa = PBXGroup;
			children = (
				6624699C1E68EBB50001C31F /* FameShopping.app */,
			);
			name = Products;
			sourceTree = "<group>";
		};
		6624699E1E68EBB50001C31F /* FameShopping */ = {
			isa = PBXGroup;
			children = (
				AF4DDF711E6C52B300BAEFDF /* Model */,
				66A563D41E6944F70003B532 /* User */,
				662469BB1E690F6B0001C31F /* Util */,
				662469B41E6906260001C31F /* MenuViewController */,
				662469B11E6902280001C31F /* MainViewController */,
				6698DF751E6FA0C20037D646 /* CollectViewController */,
				6698DFA01E6FF0DA0037D646 /* CartViewController */,
				AF5FD72F1E68FC70003A2343 /* 3rdparty */,
				6624699F1E68EBB60001C31F /* AppDelegate.swift */,
				662469A31E68EBB60001C31F /* Main.storyboard */,
				662469A61E68EBB60001C31F /* Assets.xcassets */,
				662469A81E68EBB60001C31F /* LaunchScreen.storyboard */,
				662469AB1E68EBB60001C31F /* Info.plist */,
			);
			path = FameShopping;
			sourceTree = "<group>";
		};
		662469B11E6902280001C31F /* MainViewController */ = {
			isa = PBXGroup;
			children = (
				AF4DDF941E737D9200BAEFDF /* ClassifyVC */,
				6698DF661E6E861D0037D646 /* GoodsDetailVC */,
				662469B21E6902390001C31F /* MainViewController.swift */,
			);
			path = MainViewController;
			sourceTree = "<group>";
		};
		662469B41E6906260001C31F /* MenuViewController */ = {
			isa = PBXGroup;
			children = (
				662469B51E6906320001C31F /* MenuViewController.swift */,
			);
			path = MenuViewController;
			sourceTree = "<group>";
		};
		662469B71E690F4A0001C31F /* DrawerViewController */ = {
			isa = PBXGroup;
			children = (
				662469B81E690F4A0001C31F /* ITRAirSideMenu.h */,
				662469B91E690F4A0001C31F /* ITRAirSideMenu.m */,
			);
			path = DrawerViewController;
			sourceTree = "<group>";
		};
		662469BB1E690F6B0001C31F /* Util */ = {
			isa = PBXGroup;
			children = (
				AF4DDF6F1E6C478800BAEFDF /* UIColor+More.swift */,
				66A563D21E692B760003B532 /* Helpers.swift */,
				662469C01E6918F10001C31F /* NetworkModel.swift */,
				662469BF1E690FC50001C31F /* FameShopping-Bridging-Header.h */,
				66A563DA1E694EE00003B532 /* UITextFieldFactory.swift */,
				66CFC3211E7128D700CB859C /* NavBarExtend.swift */,
			);
			path = Util;
			sourceTree = "<group>";
		};
		6698DF661E6E861D0037D646 /* GoodsDetailVC */ = {
			isa = PBXGroup;
			children = (
				6698DF671E6E86B90037D646 /* GoodPageViewController.swift */,
				6698DF6B1E6E87AF0037D646 /* GoodViewController.swift */,
				6698DF6D1E6E87C50037D646 /* EvaluateViewController.swift */,
				6698DF6F1E6E87D80037D646 /* DetailViewController.swift */,
			);
			path = GoodsDetailVC;
			sourceTree = "<group>";
		};
		6698DF711E6E94FE0037D646 /* YRCoverFlowLayout */ = {
			isa = PBXGroup;
			children = (
				6698DF721E6E95190037D646 /* YRCoverFlowLayout.h */,
				6698DF731E6E95190037D646 /* YRCoverFlowLayout.m */,
			);
			path = YRCoverFlowLayout;
			sourceTree = "<group>";
		};
		6698DF751E6FA0C20037D646 /* CollectViewController */ = {
			isa = PBXGroup;
			children = (
				6698DF781E6FC3B90037D646 /* CollectionViewController.swift */,
			);
			path = CollectViewController;
			sourceTree = "<group>";
		};
		6698DFA01E6FF0DA0037D646 /* CartViewController */ = {
			isa = PBXGroup;
			children = (
				66E6ED0D1E70EF570009FE9C /* OrderVC */,
				6698DFA11E6FF0EB0037D646 /* CartViewController.swift */,
			);
			path = CartViewController;
			sourceTree = "<group>";
		};
		66A563D41E6944F70003B532 /* User */ = {
			isa = PBXGroup;
			children = (
				66A563D71E694CE40003B532 /* Login */,
				66CFC3231E71395F00CB859C /* Order */,
				66A563D51E69450A0003B532 /* UserViewController.swift */,
				66A563DC1E6CEF5D0003B532 /* UserInfoViewController.swift */,
				66A563DE1E6D0BE20003B532 /* SettingViewController.swift */,
				66A563E01E6D1DD50003B532 /* AccountViewController.swift */,
				66A563E21E6D346C0003B532 /* AddressViewController.swift */,
				66A563E41E6D3D210003B532 /* EditAddressViewController.swift */,
				660501AC1E6E44F100F899FD /* BindingPhoneViewController.swift */,
				660501AE1E6E494A00F899FD /* NewPhoneViewController.swift */,
				660501B01E6E498D00F899FD /* UpdatePhoneViewController.swift */,
				660501B21E6E537200F899FD /* UpdatePwdViewController.swift */,
				6698DF641E6E59FF0037D646 /* AbortViewController.swift */,
			);
			path = User;
			sourceTree = "<group>";
		};
		66A563D71E694CE40003B532 /* Login */ = {
			isa = PBXGroup;
			children = (
				66A563D81E694D340003B532 /* LoginViewController.swift */,
				AF4DDF6D1E6C465C00BAEFDF /* RegistViewController.swift */,
			);
			path = Login;
			sourceTree = "<group>";
		};
		66CFC3231E71395F00CB859C /* Order */ = {
			isa = PBXGroup;
			children = (
				66CFC32E1E713CCA00CB859C /* OrderPageViewController.swift */,
				66CFC32C1E713C8F00CB859C /* AllOrderViewController.swift */,
				66CFC3241E713C1B00CB859C /* NeedPayViewController.swift */,
				66CFC3261E713C2E00CB859C /* NeedAcceptViewController.swift */,
				66CFC32A1E713C8200CB859C /* NeedEvaluateViewController.swift */,
				66CFC3281E713C4700CB859C /* RefundViewController.swift */,
				66CFC3301E72413800CB859C /* RefundDetailViewController.swift */,
				66D147231E728E47005C7548 /* OrderDetailViewController.swift */,
				66D147291E729A9D005C7548 /* GoodsEvaluateViewController.swift */,
			);
			path = Order;
			sourceTree = "<group>";
		};
		66D147251E7295F5005C7548 /* TQStarRating */ = {
			isa = PBXGroup;
			children = (
				66D147261E7295F5005C7548 /* TQStarRatingView.h */,
				66D147271E7295F5005C7548 /* TQStarRatingView.m */,
			);
			path = TQStarRating;
			sourceTree = "<group>";
		};
		66E6ED0D1E70EF570009FE9C /* OrderVC */ = {
			isa = PBXGroup;
			children = (
				66E6ED0E1E70EF700009FE9C /* CommitOrderViewController.swift */,
				66CFC31F1E71109800CB859C /* PayViewController.swift */,
			);
			path = OrderVC;
			sourceTree = "<group>";
		};
		AF10C2EB1EAF3CC800041C75 /* alipay */ = {
			isa = PBXGroup;
			children = (
				AF10C2EC1EAF3CC800041C75 /* AlipaySDK.bundle */,
				AF10C2ED1EAF3CC800041C75 /* AlipaySDK.framework */,
				AF10C2EE1EAF3CC800041C75 /* AlipaySend.h */,
				AF10C2EF1EAF3CC800041C75 /* AlipaySend.m */,
				AF10C2F01EAF3CC800041C75 /* libcrypto.a */,
				AF10C2F11EAF3CC800041C75 /* libssl.a */,
				AF10C2F21EAF3CC800041C75 /* openssl */,
				AF10C33E1EAF3CC800041C75 /* Order.h */,
				AF10C33F1EAF3CC800041C75 /* Order.m */,
				AF10C3401EAF3CC800041C75 /* Util */,
			);
			path = alipay;
			sourceTree = "<group>";
		};
		AF10C2F21EAF3CC800041C75 /* openssl */ = {
			isa = PBXGroup;
			children = (
				AF10C2F31EAF3CC800041C75 /* aes.h */,
				AF10C2F41EAF3CC800041C75 /* asn1.h */,
				AF10C2F51EAF3CC800041C75 /* asn1_mac.h */,
				AF10C2F61EAF3CC800041C75 /* asn1t.h */,
				AF10C2F71EAF3CC800041C75 /* bio.h */,
				AF10C2F81EAF3CC800041C75 /* blowfish.h */,
				AF10C2F91EAF3CC800041C75 /* bn.h */,
				AF10C2FA1EAF3CC800041C75 /* buffer.h */,
				AF10C2FB1EAF3CC800041C75 /* camellia.h */,
				AF10C2FC1EAF3CC800041C75 /* cast.h */,
				AF10C2FD1EAF3CC800041C75 /* cmac.h */,
				AF10C2FE1EAF3CC800041C75 /* cms.h */,
				AF10C2FF1EAF3CC800041C75 /* comp.h */,
				AF10C3001EAF3CC800041C75 /* conf.h */,
				AF10C3011EAF3CC800041C75 /* conf_api.h */,
				AF10C3021EAF3CC800041C75 /* crypto.h */,
				AF10C3031EAF3CC800041C75 /* des.h */,
				AF10C3041EAF3CC800041C75 /* des_old.h */,
				AF10C3051EAF3CC800041C75 /* dh.h */,
				AF10C3061EAF3CC800041C75 /* dsa.h */,
				AF10C3071EAF3CC800041C75 /* dso.h */,
				AF10C3081EAF3CC800041C75 /* dtls1.h */,
				AF10C3091EAF3CC800041C75 /* e_os2.h */,
				AF10C30A1EAF3CC800041C75 /* ebcdic.h */,
				AF10C30B1EAF3CC800041C75 /* ec.h */,
				AF10C30C1EAF3CC800041C75 /* ecdh.h */,
				AF10C30D1EAF3CC800041C75 /* ecdsa.h */,
				AF10C30E1EAF3CC800041C75 /* engine.h */,
				AF10C30F1EAF3CC800041C75 /* err.h */,
				AF10C3101EAF3CC800041C75 /* evp.h */,
				AF10C3111EAF3CC800041C75 /* hmac.h */,
				AF10C3121EAF3CC800041C75 /* idea.h */,
				AF10C3131EAF3CC800041C75 /* krb5_asn.h */,
				AF10C3141EAF3CC800041C75 /* kssl.h */,
				AF10C3151EAF3CC800041C75 /* lhash.h */,
				AF10C3161EAF3CC800041C75 /* md4.h */,
				AF10C3171EAF3CC800041C75 /* md5.h */,
				AF10C3181EAF3CC800041C75 /* mdc2.h */,
				AF10C3191EAF3CC800041C75 /* modes.h */,
				AF10C31A1EAF3CC800041C75 /* obj_mac.h */,
				AF10C31B1EAF3CC800041C75 /* objects.h */,
				AF10C31C1EAF3CC800041C75 /* ocsp.h */,
				AF10C31D1EAF3CC800041C75 /* opensslconf.h */,
				AF10C31E1EAF3CC800041C75 /* opensslv.h */,
				AF10C31F1EAF3CC800041C75 /* ossl_typ.h */,
				AF10C3201EAF3CC800041C75 /* pem.h */,
				AF10C3211EAF3CC800041C75 /* pem2.h */,
				AF10C3221EAF3CC800041C75 /* pkcs12.h */,
				AF10C3231EAF3CC800041C75 /* pkcs7.h */,
				AF10C3241EAF3CC800041C75 /* pqueue.h */,
				AF10C3251EAF3CC800041C75 /* rand.h */,
				AF10C3261EAF3CC800041C75 /* rc2.h */,
				AF10C3271EAF3CC800041C75 /* rc4.h */,
				AF10C3281EAF3CC800041C75 /* ripemd.h */,
				AF10C3291EAF3CC800041C75 /* rsa.h */,
				AF10C32A1EAF3CC800041C75 /* safestack.h */,
				AF10C32B1EAF3CC800041C75 /* seed.h */,
				AF10C32C1EAF3CC800041C75 /* sha.h */,
				AF10C32D1EAF3CC800041C75 /* srp.h */,
				AF10C32E1EAF3CC800041C75 /* srtp.h */,
				AF10C32F1EAF3CC800041C75 /* ssl.h */,
				AF10C3301EAF3CC800041C75 /* ssl2.h */,
				AF10C3311EAF3CC800041C75 /* ssl23.h */,
				AF10C3321EAF3CC800041C75 /* ssl3.h */,
				AF10C3331EAF3CC800041C75 /* stack.h */,
				AF10C3341EAF3CC800041C75 /* symhacks.h */,
				AF10C3351EAF3CC800041C75 /* tls1.h */,
				AF10C3361EAF3CC800041C75 /* ts.h */,
				AF10C3371EAF3CC800041C75 /* txt_db.h */,
				AF10C3381EAF3CC800041C75 /* ui.h */,
				AF10C3391EAF3CC800041C75 /* ui_compat.h */,
				AF10C33A1EAF3CC800041C75 /* whrlpool.h */,
				AF10C33B1EAF3CC800041C75 /* x509.h */,
				AF10C33C1EAF3CC800041C75 /* x509_vfy.h */,
				AF10C33D1EAF3CC800041C75 /* x509v3.h */,
			);
			path = openssl;
			sourceTree = "<group>";
		};
		AF10C3401EAF3CC800041C75 /* Util */ = {
			isa = PBXGroup;
			children = (
				AF10C3411EAF3CC800041C75 /* base64.h */,
				AF10C3421EAF3CC800041C75 /* base64.m */,
				AF10C3431EAF3CC800041C75 /* config.h */,
				AF10C3441EAF3CC800041C75 /* DataSigner.h */,
				AF10C3451EAF3CC800041C75 /* DataSigner.m */,
				AF10C3461EAF3CC800041C75 /* DataVerifier.h */,
				AF10C3471EAF3CC800041C75 /* DataVerifier.m */,
				AF10C3481EAF3CC800041C75 /* MD5DataSigner.h */,
				AF10C3491EAF3CC800041C75 /* MD5DataSigner.m */,
				AF10C34A1EAF3CC800041C75 /* NSDataEx.h */,
				AF10C34B1EAF3CC800041C75 /* NSDataEx.m */,
				AF10C34C1EAF3CC800041C75 /* openssl_wrapper.h */,
				AF10C34D1EAF3CC800041C75 /* openssl_wrapper.m */,
				AF10C34E1EAF3CC800041C75 /* RSADataSigner.h */,
				AF10C34F1EAF3CC800041C75 /* RSADataSigner.m */,
				AF10C3501EAF3CC800041C75 /* RSADataVerifier.h */,
				AF10C3511EAF3CC800041C75 /* RSADataVerifier.m */,
			);
			path = Util;
			sourceTree = "<group>";
		};
		AF4259CA1EB9FF0C00B43867 /* Wechat */ = {
			isa = PBXGroup;
			children = (
				AF4259CB1EB9FF0C00B43867 /* libSocialWechat.a */,
				AF4259CC1EB9FF0C00B43867 /* libWeChatSDK.a */,
				AF4259CD1EB9FF0C00B43867 /* startWeiChatPAy.h */,
				AF4259CE1EB9FF0C00B43867 /* startWeiChatPAy.m */,
				AF4259CF1EB9FF0C00B43867 /* UMSocialWechatHandler.h */,
				AF4259D01EB9FF0C00B43867 /* WechatAuthSDK.h */,
				AF4259D11EB9FF0C00B43867 /* WXApi.h */,
				AF4259D21EB9FF0C00B43867 /* WXApiManager.h */,
				AF4259D31EB9FF0C00B43867 /* WXApiManager.m */,
				AF4259D41EB9FF0C00B43867 /* WXApiObject.h */,
			);
			path = Wechat;
			sourceTree = "<group>";
		};
		AF4DDF711E6C52B300BAEFDF /* Model */ = {
			isa = PBXGroup;
			children = (
				AF4DDF721E6C52B300BAEFDF /* UserModel.swift */,
			);
			path = Model;
			sourceTree = "<group>";
		};
		AF4DDF941E737D9200BAEFDF /* ClassifyVC */ = {
			isa = PBXGroup;
			children = (
				AF4DDF951E737DCE00BAEFDF /* BrandViewController.swift */,
				AF4DDF991E73931300BAEFDF /* GoodClassViewController.swift */,
				AFA489C81E73A92700B2895A /* MenViewController.swift */,
				AFE8070D1E73A04400393254 /* TypeDetailViewController.swift */,
			);
			path = ClassifyVC;
			sourceTree = "<group>";
		};
		AF5FD72F1E68FC70003A2343 /* 3rdparty */ = {
			isa = PBXGroup;
			children = (
				AF4259CA1EB9FF0C00B43867 /* Wechat */,
				AF10C2EB1EAF3CC800041C75 /* alipay */,
				66D147251E7295F5005C7548 /* TQStarRating */,
				6698DF711E6E94FE0037D646 /* YRCoverFlowLayout */,
				662469B71E690F4A0001C31F /* DrawerViewController */,
			);
			path = 3rdparty;
			sourceTree = "<group>";
		};
		D7EE56AC3C8BD840915D5870 /* Pods */ = {
			isa = PBXGroup;
			children = (
				64DDB78FCEC7401089CA01B6 /* Pods-FameShopping.debug.xcconfig */,
				FB441D473B5556AAD26B19DE /* Pods-FameShopping.release.xcconfig */,
			);
			name = Pods;
			sourceTree = "<group>";
		};
		DCDB2BDC594989A1D61F6C71 /* Frameworks */ = {
			isa = PBXGroup;
			children = (
				AF4259D91EBA03E900B43867 /* libsqlite3.tbd */,
				AF10C3711EAF3F3E00041C75 /* CFNetwork.framework */,
				AF10C36F1EAF3F3400041C75 /* CoreGraphics.framework */,
				AF10C36C1EAF3F2600041C75 /* QuartzCore.framework */,
				AF10C36A1EAF3F1F00041C75 /* CoreTelephony.framework */,
				AF10C3681EAF3F1800041C75 /* CoreText.framework */,
				AF10C3661EAF3F1200041C75 /* SystemConfiguration.framework */,
				AF10C3641EAF3F0A00041C75 /* libz.tbd */,
				AF10C3621EAF3F0100041C75 /* libc++.tbd */,
				AF10C3601EAF3E7400041C75 /* CoreMotion.framework */,
				B5B29D162FB44FEC599B3FC8 /* Pods_FameShopping.framework */,
			);
			name = Frameworks;
			sourceTree = "<group>";
		};
/* End PBXGroup section */

/* Begin PBXNativeTarget section */
		6624699B1E68EBB50001C31F /* FameShopping */ = {
			isa = PBXNativeTarget;
			buildConfigurationList = 662469AE1E68EBB60001C31F /* Build configuration list for PBXNativeTarget "FameShopping" */;
			buildPhases = (
				2A80A3AC765F30E185326860 /* [CP] Check Pods Manifest.lock */,
				662469981E68EBB50001C31F /* Sources */,
				662469991E68EBB50001C31F /* Frameworks */,
				6624699A1E68EBB50001C31F /* Resources */,
				EF6D27A92B627A03351A2A44 /* [CP] Embed Pods Frameworks */,
				9122AFF47E62698A62DE4572 /* [CP] Copy Pods Resources */,
			);
			buildRules = (
			);
			dependencies = (
			);
			name = FameShopping;
			productName = FameShopping;
			productReference = 6624699C1E68EBB50001C31F /* FameShopping.app */;
			productType = "com.apple.product-type.application";
		};
/* End PBXNativeTarget section */

/* Begin PBXProject section */
		662469941E68EBB50001C31F /* Project object */ = {
			isa = PBXProject;
			attributes = {
				LastSwiftUpdateCheck = 0820;
				LastUpgradeCheck = 0820;
				ORGANIZATIONNAME = YunTu;
				TargetAttributes = {
					6624699B1E68EBB50001C31F = {
						CreatedOnToolsVersion = 8.2;
						DevelopmentTeam = PA5REWWP2Y;
						ProvisioningStyle = Automatic;
					};
				};
			};
			buildConfigurationList = 662469971E68EBB50001C31F /* Build configuration list for PBXProject "FameShopping" */;
			compatibilityVersion = "Xcode 3.2";
			developmentRegion = English;
			hasScannedForEncodings = 0;
			knownRegions = (
				en,
				Base,
			);
			mainGroup = 662469931E68EBB50001C31F;
			productRefGroup = 6624699D1E68EBB50001C31F /* Products */;
			projectDirPath = "";
			projectRoot = "";
			targets = (
				6624699B1E68EBB50001C31F /* FameShopping */,
			);
		};
/* End PBXProject section */

/* Begin PBXResourcesBuildPhase section */
		6624699A1E68EBB50001C31F /* Resources */ = {
			isa = PBXResourcesBuildPhase;
			buildActionMask = 2147483647;
			files = (
				662469AA1E68EBB60001C31F /* LaunchScreen.storyboard in Resources */,
				662469A71E68EBB60001C31F /* Assets.xcassets in Resources */,
				AF10C3521EAF3CC800041C75 /* AlipaySDK.bundle in Resources */,
				662469A51E68EBB60001C31F /* Main.storyboard in Resources */,
			);
			runOnlyForDeploymentPostprocessing = 0;
		};
/* End PBXResourcesBuildPhase section */

/* Begin PBXShellScriptBuildPhase section */
		2A80A3AC765F30E185326860 /* [CP] Check Pods Manifest.lock */ = {
			isa = PBXShellScriptBuildPhase;
			buildActionMask = 2147483647;
			files = (
			);
			inputPaths = (
			);
			name = "[CP] Check Pods Manifest.lock";
			outputPaths = (
			);
			runOnlyForDeploymentPostprocessing = 0;
			shellPath = /bin/sh;
			shellScript = "diff \"${PODS_ROOT}/../Podfile.lock\" \"${PODS_ROOT}/Manifest.lock\" > /dev/null\nif [ $? != 0 ] ; then\n    # print error to STDERR\n    echo \"error: The sandbox is not in sync with the Podfile.lock. Run 'pod install' or update your CocoaPods installation.\" >&2\n    exit 1\nfi\n";
			showEnvVarsInLog = 0;
		};
		9122AFF47E62698A62DE4572 /* [CP] Copy Pods Resources */ = {
			isa = PBXShellScriptBuildPhase;
			buildActionMask = 2147483647;
			files = (
			);
			inputPaths = (
			);
			name = "[CP] Copy Pods Resources";
			outputPaths = (
			);
			runOnlyForDeploymentPostprocessing = 0;
			shellPath = /bin/sh;
			shellScript = "\"${SRCROOT}/Pods/Target Support Files/Pods-FameShopping/Pods-FameShopping-resources.sh\"\n";
			showEnvVarsInLog = 0;
		};
		EF6D27A92B627A03351A2A44 /* [CP] Embed Pods Frameworks */ = {
			isa = PBXShellScriptBuildPhase;
			buildActionMask = 2147483647;
			files = (
			);
			inputPaths = (
			);
			name = "[CP] Embed Pods Frameworks";
			outputPaths = (
			);
			runOnlyForDeploymentPostprocessing = 0;
			shellPath = /bin/sh;
			shellScript = "\"${SRCROOT}/Pods/Target Support Files/Pods-FameShopping/Pods-FameShopping-frameworks.sh\"\n";
			showEnvVarsInLog = 0;
		};
/* End PBXShellScriptBuildPhase section */

/* Begin PBXSourcesBuildPhase section */
		662469981E68EBB50001C31F /* Sources */ = {
			isa = PBXSourcesBuildPhase;
			buildActionMask = 2147483647;
			files = (
				660501B31E6E537200F899FD /* UpdatePwdViewController.swift in Sources */,
				AF4DDF6E1E6C465C00BAEFDF /* RegistViewController.swift in Sources */,
				AF4DDF9A1E73931300BAEFDF /* GoodClassViewController.swift in Sources */,
				66A563D61E69450A0003B532 /* UserViewController.swift in Sources */,
				662469BA1E690F4A0001C31F /* ITRAirSideMenu.m in Sources */,
				66CFC32D1E713C8F00CB859C /* AllOrderViewController.swift in Sources */,
				AF10C3541EAF3CC800041C75 /* AlipaySend.m in Sources */,
				AF4259D71EB9FF0C00B43867 /* startWeiChatPAy.m in Sources */,
				6698DF791E6FC3B90037D646 /* CollectionViewController.swift in Sources */,
				660501AF1E6E494A00F899FD /* NewPhoneViewController.swift in Sources */,
				AF10C35A1EAF3CC800041C75 /* DataVerifier.m in Sources */,
				66CFC3251E713C1B00CB859C /* NeedPayViewController.swift in Sources */,
				66D147241E728E47005C7548 /* OrderDetailViewController.swift in Sources */,
				66CFC3311E72413800CB859C /* RefundDetailViewController.swift in Sources */,
				6698DF651E6E59FF0037D646 /* AbortViewController.swift in Sources */,
				66A563DB1E694EE00003B532 /* UITextFieldFactory.swift in Sources */,
				66CFC32F1E713CCA00CB859C /* OrderPageViewController.swift in Sources */,
				66CFC3201E71109800CB859C /* PayViewController.swift in Sources */,
				AF10C35E1EAF3CC800041C75 /* RSADataSigner.m in Sources */,
				66A563D31E692B760003B532 /* Helpers.swift in Sources */,
				660501B11E6E498D00F899FD /* UpdatePhoneViewController.swift in Sources */,
				66A563DF1E6D0BE20003B532 /* SettingViewController.swift in Sources */,
				66A563E51E6D3D210003B532 /* EditAddressViewController.swift in Sources */,
				66CFC3271E713C2E00CB859C /* NeedAcceptViewController.swift in Sources */,
				662469B31E6902390001C31F /* MainViewController.swift in Sources */,
				AF10C35F1EAF3CC800041C75 /* RSADataVerifier.m in Sources */,
				AFA489C91E73A92700B2895A /* MenViewController.swift in Sources */,
				6698DF6C1E6E87AF0037D646 /* GoodViewController.swift in Sources */,
				66CFC3221E7128D700CB859C /* NavBarExtend.swift in Sources */,
				AF4259D81EB9FF0C00B43867 /* WXApiManager.m in Sources */,
				6698DF701E6E87D80037D646 /* DetailViewController.swift in Sources */,
				6698DF6E1E6E87C50037D646 /* EvaluateViewController.swift in Sources */,
				AF10C3591EAF3CC800041C75 /* DataSigner.m in Sources */,
				66A563DD1E6CEF5D0003B532 /* UserInfoViewController.swift in Sources */,
				6698DF741E6E95190037D646 /* YRCoverFlowLayout.m in Sources */,
				AF4DDF701E6C478800BAEFDF /* UIColor+More.swift in Sources */,
				AF10C3571EAF3CC800041C75 /* Order.m in Sources */,
				66A563D91E694D340003B532 /* LoginViewController.swift in Sources */,
				AFE8070E1E73A04400393254 /* TypeDetailViewController.swift in Sources */,
				66D147281E7295F5005C7548 /* TQStarRatingView.m in Sources */,
				662469A01E68EBB60001C31F /* AppDelegate.swift in Sources */,
				66D1472A1E729A9D005C7548 /* GoodsEvaluateViewController.swift in Sources */,
				AF10C35D1EAF3CC800041C75 /* openssl_wrapper.m in Sources */,
				AF4DDF961E737DCE00BAEFDF /* BrandViewController.swift in Sources */,
				66CFC3291E713C4700CB859C /* RefundViewController.swift in Sources */,
				66CFC32B1E713C8200CB859C /* NeedEvaluateViewController.swift in Sources */,
				AF10C35C1EAF3CC800041C75 /* NSDataEx.m in Sources */,
				660501AD1E6E44F100F899FD /* BindingPhoneViewController.swift in Sources */,
				AF10C35B1EAF3CC800041C75 /* MD5DataSigner.m in Sources */,
				66E6ED0F1E70EF700009FE9C /* CommitOrderViewController.swift in Sources */,
				66A563E31E6D346C0003B532 /* AddressViewController.swift in Sources */,
				66A563E11E6D1DD50003B532 /* AccountViewController.swift in Sources */,
				662469C11E6918F10001C31F /* NetworkModel.swift in Sources */,
				6698DFA21E6FF0EB0037D646 /* CartViewController.swift in Sources */,
				AF10C3581EAF3CC800041C75 /* base64.m in Sources */,
				AF4DDF731E6C52B300BAEFDF /* UserModel.swift in Sources */,
				6698DF681E6E86B90037D646 /* GoodPageViewController.swift in Sources */,
				662469B61E6906320001C31F /* MenuViewController.swift in Sources */,
			);
			runOnlyForDeploymentPostprocessing = 0;
		};
/* End PBXSourcesBuildPhase section */

/* Begin PBXVariantGroup section */
		662469A31E68EBB60001C31F /* Main.storyboard */ = {
			isa = PBXVariantGroup;
			children = (
				662469A41E68EBB60001C31F /* Base */,
			);
			name = Main.storyboard;
			sourceTree = "<group>";
		};
		662469A81E68EBB60001C31F /* LaunchScreen.storyboard */ = {
			isa = PBXVariantGroup;
			children = (
				662469A91E68EBB60001C31F /* Base */,
			);
			name = LaunchScreen.storyboard;
			sourceTree = "<group>";
		};
/* End PBXVariantGroup section */

/* Begin XCBuildConfiguration section */
		662469AC1E68EBB60001C31F /* Debug */ = {
			isa = XCBuildConfiguration;
			buildSettings = {
				ALWAYS_SEARCH_USER_PATHS = NO;
				CLANG_ANALYZER_NONNULL = YES;
				CLANG_CXX_LANGUAGE_STANDARD = "gnu++0x";
				CLANG_CXX_LIBRARY = "libc++";
				CLANG_ENABLE_MODULES = YES;
				CLANG_ENABLE_OBJC_ARC = YES;
				CLANG_WARN_BOOL_CONVERSION = YES;
				CLANG_WARN_CONSTANT_CONVERSION = YES;
				CLANG_WARN_DIRECT_OBJC_ISA_USAGE = YES_ERROR;
				CLANG_WARN_DOCUMENTATION_COMMENTS = YES;
				CLANG_WARN_EMPTY_BODY = YES;
				CLANG_WARN_ENUM_CONVERSION = YES;
				CLANG_WARN_INFINITE_RECURSION = YES;
				CLANG_WARN_INT_CONVERSION = YES;
				CLANG_WARN_OBJC_ROOT_CLASS = YES_ERROR;
				CLANG_WARN_SUSPICIOUS_MOVE = YES;
				CLANG_WARN_UNREACHABLE_CODE = YES;
				CLANG_WARN__DUPLICATE_METHOD_MATCH = YES;
				"CODE_SIGN_IDENTITY[sdk=iphoneos*]" = "iPhone Developer";
				COPY_PHASE_STRIP = NO;
				DEBUG_INFORMATION_FORMAT = dwarf;
				ENABLE_STRICT_OBJC_MSGSEND = YES;
				ENABLE_TESTABILITY = YES;
				GCC_C_LANGUAGE_STANDARD = gnu99;
				GCC_DYNAMIC_NO_PIC = NO;
				GCC_NO_COMMON_BLOCKS = YES;
				GCC_OPTIMIZATION_LEVEL = 0;
				GCC_PREPROCESSOR_DEFINITIONS = (
					"DEBUG=1",
					"$(inherited)",
				);
				GCC_WARN_64_TO_32_BIT_CONVERSION = YES;
				GCC_WARN_ABOUT_RETURN_TYPE = YES_ERROR;
				GCC_WARN_UNDECLARED_SELECTOR = YES;
				GCC_WARN_UNINITIALIZED_AUTOS = YES_AGGRESSIVE;
				GCC_WARN_UNUSED_FUNCTION = YES;
				GCC_WARN_UNUSED_VARIABLE = YES;
				IPHONEOS_DEPLOYMENT_TARGET = 10.2;
				MTL_ENABLE_DEBUG_INFO = YES;
				ONLY_ACTIVE_ARCH = YES;
				SDKROOT = iphoneos;
				SWIFT_ACTIVE_COMPILATION_CONDITIONS = DEBUG;
				SWIFT_OPTIMIZATION_LEVEL = "-Onone";
			};
			name = Debug;
		};
		662469AD1E68EBB60001C31F /* Release */ = {
			isa = XCBuildConfiguration;
			buildSettings = {
				ALWAYS_SEARCH_USER_PATHS = NO;
				CLANG_ANALYZER_NONNULL = YES;
				CLANG_CXX_LANGUAGE_STANDARD = "gnu++0x";
				CLANG_CXX_LIBRARY = "libc++";
				CLANG_ENABLE_MODULES = YES;
				CLANG_ENABLE_OBJC_ARC = YES;
				CLANG_WARN_BOOL_CONVERSION = YES;
				CLANG_WARN_CONSTANT_CONVERSION = YES;
				CLANG_WARN_DIRECT_OBJC_ISA_USAGE = YES_ERROR;
				CLANG_WARN_DOCUMENTATION_COMMENTS = YES;
				CLANG_WARN_EMPTY_BODY = YES;
				CLANG_WARN_ENUM_CONVERSION = YES;
				CLANG_WARN_INFINITE_RECURSION = YES;
				CLANG_WARN_INT_CONVERSION = YES;
				CLANG_WARN_OBJC_ROOT_CLASS = YES_ERROR;
				CLANG_WARN_SUSPICIOUS_MOVE = YES;
				CLANG_WARN_UNREACHABLE_CODE = YES;
				CLANG_WARN__DUPLICATE_METHOD_MATCH = YES;
				"CODE_SIGN_IDENTITY[sdk=iphoneos*]" = "iPhone Developer";
				COPY_PHASE_STRIP = NO;
				DEBUG_INFORMATION_FORMAT = "dwarf-with-dsym";
				ENABLE_NS_ASSERTIONS = NO;
				ENABLE_STRICT_OBJC_MSGSEND = YES;
				GCC_C_LANGUAGE_STANDARD = gnu99;
				GCC_NO_COMMON_BLOCKS = YES;
				GCC_WARN_64_TO_32_BIT_CONVERSION = YES;
				GCC_WARN_ABOUT_RETURN_TYPE = YES_ERROR;
				GCC_WARN_UNDECLARED_SELECTOR = YES;
				GCC_WARN_UNINITIALIZED_AUTOS = YES_AGGRESSIVE;
				GCC_WARN_UNUSED_FUNCTION = YES;
				GCC_WARN_UNUSED_VARIABLE = YES;
				IPHONEOS_DEPLOYMENT_TARGET = 10.2;
				MTL_ENABLE_DEBUG_INFO = NO;
				SDKROOT = iphoneos;
				SWIFT_OPTIMIZATION_LEVEL = "-Owholemodule";
				VALIDATE_PRODUCT = YES;
			};
			name = Release;
		};
		662469AF1E68EBB60001C31F /* Debug */ = {
			isa = XCBuildConfiguration;
			baseConfigurationReference = 64DDB78FCEC7401089CA01B6 /* Pods-FameShopping.debug.xcconfig */;
			buildSettings = {
				ASSETCATALOG_COMPILER_APPICON_NAME = AppIcon;
				ASSETCATALOG_COMPILER_LAUNCHIMAGE_NAME = LaunchImage;
				DEVELOPMENT_TEAM = PA5REWWP2Y;
				FRAMEWORK_SEARCH_PATHS = (
					"$(inherited)",
					"$(PROJECT_DIR)/FameShopping/3rdparty/alipay",
				);
				HEADER_SEARCH_PATHS = "$(PROJECT_DIR)/FameShopping/3rdparty/alipay/";
				INFOPLIST_FILE = FameShopping/Info.plist;
				IPHONEOS_DEPLOYMENT_TARGET = 8.0;
				LD_RUNPATH_SEARCH_PATHS = "$(inherited) @executable_path/Frameworks";
				LIBRARY_SEARCH_PATHS = (
					"$(inherited)",
					"$(PROJECT_DIR)/FameShopping/3rdparty/alipay",
					"$(PROJECT_DIR)/FameShopping/3rdparty/Wechat",
				);
				PRODUCT_BUNDLE_IDENTIFIER = com.work.FameShopping;
				PRODUCT_NAME = "$(TARGET_NAME)";
				SWIFT_OBJC_BRIDGING_HEADER = "FameShopping/Util/FameShopping-Bridging-Header.h";
				SWIFT_VERSION = 3.0;
			};
			name = Debug;
		};
		662469B01E68EBB60001C31F /* Release */ = {
			isa = XCBuildConfiguration;
			baseConfigurationReference = FB441D473B5556AAD26B19DE /* Pods-FameShopping.release.xcconfig */;
			buildSettings = {
				ASSETCATALOG_COMPILER_APPICON_NAME = AppIcon;
				ASSETCATALOG_COMPILER_LAUNCHIMAGE_NAME = LaunchImage;
				DEVELOPMENT_TEAM = PA5REWWP2Y;
				FRAMEWORK_SEARCH_PATHS = (
					"$(inherited)",
					"$(PROJECT_DIR)/FameShopping/3rdparty/alipay",
				);
				HEADER_SEARCH_PATHS = "$(PROJECT_DIR)/FameShopping/3rdparty/alipay/";
				INFOPLIST_FILE = FameShopping/Info.plist;
				IPHONEOS_DEPLOYMENT_TARGET = 8.0;
				LD_RUNPATH_SEARCH_PATHS = "$(inherited) @executable_path/Frameworks";
				LIBRARY_SEARCH_PATHS = (
					"$(inherited)",
					"$(PROJECT_DIR)/FameShopping/3rdparty/alipay",
					"$(PROJECT_DIR)/FameShopping/3rdparty/Wechat",
				);
				PRODUCT_BUNDLE_IDENTIFIER = com.work.FameShopping;
				PRODUCT_NAME = "$(TARGET_NAME)";
				SWIFT_OBJC_BRIDGING_HEADER = "FameShopping/Util/FameShopping-Bridging-Header.h";
				SWIFT_VERSION = 3.0;
			};
			name = Release;
		};
/* End XCBuildConfiguration section */

/* Begin XCConfigurationList section */
		662469971E68EBB50001C31F /* Build configuration list for PBXProject "FameShopping" */ = {
			isa = XCConfigurationList;
			buildConfigurations = (
				662469AC1E68EBB60001C31F /* Debug */,
				662469AD1E68EBB60001C31F /* Release */,
			);
			defaultConfigurationIsVisible = 0;
			defaultConfigurationName = Release;
		};
		662469AE1E68EBB60001C31F /* Build configuration list for PBXNativeTarget "FameShopping" */ = {
			isa = XCConfigurationList;
			buildConfigurations = (
				662469AF1E68EBB60001C31F /* Debug */,
				662469B01E68EBB60001C31F /* Release */,
			);
			defaultConfigurationIsVisible = 0;
			defaultConfigurationName = Release;
		};
/* End XCConfigurationList section */
	};
	rootObject = 662469941E68EBB50001C31F /* Project object */;
}
