// !$*UTF8*$!
{
	archiveVersion = 1;
	classes = {
	};
	objectVersion = 46;
	objects = {

/* Begin PBXBuildFile section */
		662469A01E68EBB60001C31F /* AppDelegate.swift in Sources */ = {isa = PBXBuildFile; fileRef = 6624699F1E68EBB60001C31F /* AppDelegate.swift */; };
		662469A51E68EBB60001C31F /* Main.storyboard in Resources */ = {isa = PBXBuildFile; fileRef = 662469A31E68EBB60001C31F /* Main.storyboard */; };
		662469A71E68EBB60001C31F /* Assets.xcassets in Resources */ = {isa = PBXBuildFile; fileRef = 662469A61E68EBB60001C31F /* Assets.xcassets */; };
		662469AA1E68EBB60001C31F /* LaunchScreen.storyboard in Resources */ = {isa = PBXBuildFile; fileRef = 662469A81E68EBB60001C31F /* LaunchScreen.storyboard */; };
		662469B31E6902390001C31F /* MainViewController.swift in Sources */ = {isa = PBXBuildFile; fileRef = 662469B21E6902390001C31F /* MainViewController.swift */; };
		662469B61E6906320001C31F /* MenuViewController.swift in Sources */ = {isa = PBXBuildFile; fileRef = 662469B51E6906320001C31F /* MenuViewController.swift */; };
		AF5FD75A1E68FC70003A2343 /* DrawerAnimator.swift in Sources */ = {isa = PBXBuildFile; fileRef = AF5FD7321E68FC70003A2343 /* DrawerAnimator.swift */; };
		AF5FD75B1E68FC70003A2343 /* DrawerBackEaseAnimator.swift in Sources */ = {isa = PBXBuildFile; fileRef = AF5FD7331E68FC70003A2343 /* DrawerBackEaseAnimator.swift */; };
		AF5FD75C1E68FC70003A2343 /* DrawerBounceEaseAnimator.swift in Sources */ = {isa = PBXBuildFile; fileRef = AF5FD7341E68FC70003A2343 /* DrawerBounceEaseAnimator.swift */; };
		AF5FD75D1E68FC70003A2343 /* DrawerCircEaseAnimator.swift in Sources */ = {isa = PBXBuildFile; fileRef = AF5FD7351E68FC70003A2343 /* DrawerCircEaseAnimator.swift */; };
		AF5FD75E1E68FC70003A2343 /* DrawerCubicEaseAnimator.swift in Sources */ = {isa = PBXBuildFile; fileRef = AF5FD7361E68FC70003A2343 /* DrawerCubicEaseAnimator.swift */; };
		AF5FD75F1E68FC70003A2343 /* DrawerCurveEaseAnimator.swift in Sources */ = {isa = PBXBuildFile; fileRef = AF5FD7371E68FC70003A2343 /* DrawerCurveEaseAnimator.swift */; };
		AF5FD7601E68FC70003A2343 /* DrawerElasticEaseAnimator.swift in Sources */ = {isa = PBXBuildFile; fileRef = AF5FD7381E68FC70003A2343 /* DrawerElasticEaseAnimator.swift */; };
		AF5FD7611E68FC70003A2343 /* DrawerExpoEaseAnimator.swift in Sources */ = {isa = PBXBuildFile; fileRef = AF5FD7391E68FC70003A2343 /* DrawerExpoEaseAnimator.swift */; };
		AF5FD7621E68FC70003A2343 /* DrawerLinearAnimator.swift in Sources */ = {isa = PBXBuildFile; fileRef = AF5FD73A1E68FC70003A2343 /* DrawerLinearAnimator.swift */; };
		AF5FD7631E68FC70003A2343 /* DrawerQuadEaseAnimator.swift in Sources */ = {isa = PBXBuildFile; fileRef = AF5FD73B1E68FC70003A2343 /* DrawerQuadEaseAnimator.swift */; };
		AF5FD7641E68FC70003A2343 /* DrawerQuartEaseAnimator.swift in Sources */ = {isa = PBXBuildFile; fileRef = AF5FD73C1E68FC70003A2343 /* DrawerQuartEaseAnimator.swift */; };
		AF5FD7651E68FC70003A2343 /* DrawerQuintEaseAnimator.swift in Sources */ = {isa = PBXBuildFile; fileRef = AF5FD73D1E68FC70003A2343 /* DrawerQuintEaseAnimator.swift */; };
		AF5FD7661E68FC70003A2343 /* DrawerSineEaseAnimator.swift in Sources */ = {isa = PBXBuildFile; fileRef = AF5FD73E1E68FC70003A2343 /* DrawerSineEaseAnimator.swift */; };
		AF5FD7671E68FC70003A2343 /* DrawerSpringAnimator.swift in Sources */ = {isa = PBXBuildFile; fileRef = AF5FD73F1E68FC70003A2343 /* DrawerSpringAnimator.swift */; };
		AF5FD7681E68FC70003A2343 /* DrawerTickAnimator.swift in Sources */ = {isa = PBXBuildFile; fileRef = AF5FD7401E68FC70003A2343 /* DrawerTickAnimator.swift */; };
		AF5FD7691E68FC70003A2343 /* DrawerController.swift in Sources */ = {isa = PBXBuildFile; fileRef = AF5FD7411E68FC70003A2343 /* DrawerController.swift */; };
		AF5FD76A1E68FC70003A2343 /* Info.plist in Resources */ = {isa = PBXBuildFile; fileRef = AF5FD7421E68FC70003A2343 /* Info.plist */; };
		AF5FD76B1E68FC70003A2343 /* DrawerContent.swift in Sources */ = {isa = PBXBuildFile; fileRef = AF5FD7451E68FC70003A2343 /* DrawerContent.swift */; };
		AF5FD76C1E68FC70003A2343 /* DrawerOption.swift in Sources */ = {isa = PBXBuildFile; fileRef = AF5FD7461E68FC70003A2343 /* DrawerOption.swift */; };
		AF5FD76D1E68FC70003A2343 /* DrawerEmbedLeftControllerSegue.swift in Sources */ = {isa = PBXBuildFile; fileRef = AF5FD7481E68FC70003A2343 /* DrawerEmbedLeftControllerSegue.swift */; };
		AF5FD76E1E68FC70003A2343 /* DrawerEmbedMainControllerSegue.swift in Sources */ = {isa = PBXBuildFile; fileRef = AF5FD7491E68FC70003A2343 /* DrawerEmbedMainControllerSegue.swift */; };
		AF5FD76F1E68FC70003A2343 /* DrawerEmbedRightControllerSegue.swift in Sources */ = {isa = PBXBuildFile; fileRef = AF5FD74A1E68FC70003A2343 /* DrawerEmbedRightControllerSegue.swift */; };
		AF5FD7701E68FC70003A2343 /* DrawerFloatTransition.swift in Sources */ = {isa = PBXBuildFile; fileRef = AF5FD74C1E68FC70003A2343 /* DrawerFloatTransition.swift */; };
		AF5FD7711E68FC70003A2343 /* DrawerFoldTransition.swift in Sources */ = {isa = PBXBuildFile; fileRef = AF5FD74D1E68FC70003A2343 /* DrawerFoldTransition.swift */; };
		AF5FD7721E68FC70003A2343 /* DrawerParallaxTransition.swift in Sources */ = {isa = PBXBuildFile; fileRef = AF5FD74E1E68FC70003A2343 /* DrawerParallaxTransition.swift */; };
		AF5FD7731E68FC70003A2343 /* DrawerScaleTransition.swift in Sources */ = {isa = PBXBuildFile; fileRef = AF5FD74F1E68FC70003A2343 /* DrawerScaleTransition.swift */; };
		AF5FD7741E68FC70003A2343 /* DrawerSlideTransition.swift in Sources */ = {isa = PBXBuildFile; fileRef = AF5FD7501E68FC70003A2343 /* DrawerSlideTransition.swift */; };
		AF5FD7751E68FC70003A2343 /* DrawerSwingTransition.swift in Sources */ = {isa = PBXBuildFile; fileRef = AF5FD7511E68FC70003A2343 /* DrawerSwingTransition.swift */; };
		AF5FD7761E68FC70003A2343 /* DrawerTransition.swift in Sources */ = {isa = PBXBuildFile; fileRef = AF5FD7521E68FC70003A2343 /* DrawerTransition.swift */; };
		AF5FD7771E68FC70003A2343 /* DrawerZoomTransition.swift in Sources */ = {isa = PBXBuildFile; fileRef = AF5FD7531E68FC70003A2343 /* DrawerZoomTransition.swift */; };
		AF5FD7781E68FC70003A2343 /* DrawerGestureSensitivity.swift in Sources */ = {isa = PBXBuildFile; fileRef = AF5FD7551E68FC70003A2343 /* DrawerGestureSensitivity.swift */; };
		AF5FD7791E68FC70003A2343 /* DrawerSide.swift in Sources */ = {isa = PBXBuildFile; fileRef = AF5FD7561E68FC70003A2343 /* DrawerSide.swift */; };
		AF5FD77A1E68FC70003A2343 /* UIViewController+DrawerController.swift in Sources */ = {isa = PBXBuildFile; fileRef = AF5FD7571E68FC70003A2343 /* UIViewController+DrawerController.swift */; };
		AF5FD77B1E68FC70003A2343 /* TranslucentView.swift in Sources */ = {isa = PBXBuildFile; fileRef = AF5FD7591E68FC70003A2343 /* TranslucentView.swift */; };
/* End PBXBuildFile section */

/* Begin PBXFileReference section */
		6624699C1E68EBB50001C31F /* FameShopping.app */ = {isa = PBXFileReference; explicitFileType = wrapper.application; includeInIndex = 0; path = FameShopping.app; sourceTree = BUILT_PRODUCTS_DIR; };
		6624699F1E68EBB60001C31F /* AppDelegate.swift */ = {isa = PBXFileReference; lastKnownFileType = sourcecode.swift; path = AppDelegate.swift; sourceTree = "<group>"; };
		662469A41E68EBB60001C31F /* Base */ = {isa = PBXFileReference; lastKnownFileType = file.storyboard; name = Base; path = Base.lproj/Main.storyboard; sourceTree = "<group>"; };
		662469A61E68EBB60001C31F /* Assets.xcassets */ = {isa = PBXFileReference; lastKnownFileType = folder.assetcatalog; path = Assets.xcassets; sourceTree = "<group>"; };
		662469A91E68EBB60001C31F /* Base */ = {isa = PBXFileReference; lastKnownFileType = file.storyboard; name = Base; path = Base.lproj/LaunchScreen.storyboard; sourceTree = "<group>"; };
		662469AB1E68EBB60001C31F /* Info.plist */ = {isa = PBXFileReference; lastKnownFileType = text.plist.xml; path = Info.plist; sourceTree = "<group>"; };
		662469B21E6902390001C31F /* MainViewController.swift */ = {isa = PBXFileReference; fileEncoding = 4; lastKnownFileType = sourcecode.swift; path = MainViewController.swift; sourceTree = "<group>"; };
		662469B51E6906320001C31F /* MenuViewController.swift */ = {isa = PBXFileReference; fileEncoding = 4; lastKnownFileType = sourcecode.swift; path = MenuViewController.swift; sourceTree = "<group>"; };
		AF5FD7321E68FC70003A2343 /* DrawerAnimator.swift */ = {isa = PBXFileReference; fileEncoding = 4; lastKnownFileType = sourcecode.swift; path = DrawerAnimator.swift; sourceTree = "<group>"; };
		AF5FD7331E68FC70003A2343 /* DrawerBackEaseAnimator.swift */ = {isa = PBXFileReference; fileEncoding = 4; lastKnownFileType = sourcecode.swift; path = DrawerBackEaseAnimator.swift; sourceTree = "<group>"; };
		AF5FD7341E68FC70003A2343 /* DrawerBounceEaseAnimator.swift */ = {isa = PBXFileReference; fileEncoding = 4; lastKnownFileType = sourcecode.swift; path = DrawerBounceEaseAnimator.swift; sourceTree = "<group>"; };
		AF5FD7351E68FC70003A2343 /* DrawerCircEaseAnimator.swift */ = {isa = PBXFileReference; fileEncoding = 4; lastKnownFileType = sourcecode.swift; path = DrawerCircEaseAnimator.swift; sourceTree = "<group>"; };
		AF5FD7361E68FC70003A2343 /* DrawerCubicEaseAnimator.swift */ = {isa = PBXFileReference; fileEncoding = 4; lastKnownFileType = sourcecode.swift; path = DrawerCubicEaseAnimator.swift; sourceTree = "<group>"; };
		AF5FD7371E68FC70003A2343 /* DrawerCurveEaseAnimator.swift */ = {isa = PBXFileReference; fileEncoding = 4; lastKnownFileType = sourcecode.swift; path = DrawerCurveEaseAnimator.swift; sourceTree = "<group>"; };
		AF5FD7381E68FC70003A2343 /* DrawerElasticEaseAnimator.swift */ = {isa = PBXFileReference; fileEncoding = 4; lastKnownFileType = sourcecode.swift; path = DrawerElasticEaseAnimator.swift; sourceTree = "<group>"; };
		AF5FD7391E68FC70003A2343 /* DrawerExpoEaseAnimator.swift */ = {isa = PBXFileReference; fileEncoding = 4; lastKnownFileType = sourcecode.swift; path = DrawerExpoEaseAnimator.swift; sourceTree = "<group>"; };
		AF5FD73A1E68FC70003A2343 /* DrawerLinearAnimator.swift */ = {isa = PBXFileReference; fileEncoding = 4; lastKnownFileType = sourcecode.swift; path = DrawerLinearAnimator.swift; sourceTree = "<group>"; };
		AF5FD73B1E68FC70003A2343 /* DrawerQuadEaseAnimator.swift */ = {isa = PBXFileReference; fileEncoding = 4; lastKnownFileType = sourcecode.swift; path = DrawerQuadEaseAnimator.swift; sourceTree = "<group>"; };
		AF5FD73C1E68FC70003A2343 /* DrawerQuartEaseAnimator.swift */ = {isa = PBXFileReference; fileEncoding = 4; lastKnownFileType = sourcecode.swift; path = DrawerQuartEaseAnimator.swift; sourceTree = "<group>"; };
		AF5FD73D1E68FC70003A2343 /* DrawerQuintEaseAnimator.swift */ = {isa = PBXFileReference; fileEncoding = 4; lastKnownFileType = sourcecode.swift; path = DrawerQuintEaseAnimator.swift; sourceTree = "<group>"; };
		AF5FD73E1E68FC70003A2343 /* DrawerSineEaseAnimator.swift */ = {isa = PBXFileReference; fileEncoding = 4; lastKnownFileType = sourcecode.swift; path = DrawerSineEaseAnimator.swift; sourceTree = "<group>"; };
		AF5FD73F1E68FC70003A2343 /* DrawerSpringAnimator.swift */ = {isa = PBXFileReference; fileEncoding = 4; lastKnownFileType = sourcecode.swift; path = DrawerSpringAnimator.swift; sourceTree = "<group>"; };
		AF5FD7401E68FC70003A2343 /* DrawerTickAnimator.swift */ = {isa = PBXFileReference; fileEncoding = 4; lastKnownFileType = sourcecode.swift; path = DrawerTickAnimator.swift; sourceTree = "<group>"; };
		AF5FD7411E68FC70003A2343 /* DrawerController.swift */ = {isa = PBXFileReference; fileEncoding = 4; lastKnownFileType = sourcecode.swift; path = DrawerController.swift; sourceTree = "<group>"; };
		AF5FD7421E68FC70003A2343 /* Info.plist */ = {isa = PBXFileReference; fileEncoding = 4; lastKnownFileType = text.plist.xml; path = Info.plist; sourceTree = "<group>"; };
		AF5FD7431E68FC70003A2343 /* KWDrawerController.h */ = {isa = PBXFileReference; fileEncoding = 4; lastKnownFileType = sourcecode.c.h; path = KWDrawerController.h; sourceTree = "<group>"; };
		AF5FD7451E68FC70003A2343 /* DrawerContent.swift */ = {isa = PBXFileReference; fileEncoding = 4; lastKnownFileType = sourcecode.swift; path = DrawerContent.swift; sourceTree = "<group>"; };
		AF5FD7461E68FC70003A2343 /* DrawerOption.swift */ = {isa = PBXFileReference; fileEncoding = 4; lastKnownFileType = sourcecode.swift; path = DrawerOption.swift; sourceTree = "<group>"; };
		AF5FD7481E68FC70003A2343 /* DrawerEmbedLeftControllerSegue.swift */ = {isa = PBXFileReference; fileEncoding = 4; lastKnownFileType = sourcecode.swift; path = DrawerEmbedLeftControllerSegue.swift; sourceTree = "<group>"; };
		AF5FD7491E68FC70003A2343 /* DrawerEmbedMainControllerSegue.swift */ = {isa = PBXFileReference; fileEncoding = 4; lastKnownFileType = sourcecode.swift; path = DrawerEmbedMainControllerSegue.swift; sourceTree = "<group>"; };
		AF5FD74A1E68FC70003A2343 /* DrawerEmbedRightControllerSegue.swift */ = {isa = PBXFileReference; fileEncoding = 4; lastKnownFileType = sourcecode.swift; path = DrawerEmbedRightControllerSegue.swift; sourceTree = "<group>"; };
		AF5FD74C1E68FC70003A2343 /* DrawerFloatTransition.swift */ = {isa = PBXFileReference; fileEncoding = 4; lastKnownFileType = sourcecode.swift; path = DrawerFloatTransition.swift; sourceTree = "<group>"; };
		AF5FD74D1E68FC70003A2343 /* DrawerFoldTransition.swift */ = {isa = PBXFileReference; fileEncoding = 4; lastKnownFileType = sourcecode.swift; path = DrawerFoldTransition.swift; sourceTree = "<group>"; };
		AF5FD74E1E68FC70003A2343 /* DrawerParallaxTransition.swift */ = {isa = PBXFileReference; fileEncoding = 4; lastKnownFileType = sourcecode.swift; path = DrawerParallaxTransition.swift; sourceTree = "<group>"; };
		AF5FD74F1E68FC70003A2343 /* DrawerScaleTransition.swift */ = {isa = PBXFileReference; fileEncoding = 4; lastKnownFileType = sourcecode.swift; path = DrawerScaleTransition.swift; sourceTree = "<group>"; };
		AF5FD7501E68FC70003A2343 /* DrawerSlideTransition.swift */ = {isa = PBXFileReference; fileEncoding = 4; lastKnownFileType = sourcecode.swift; path = DrawerSlideTransition.swift; sourceTree = "<group>"; };
		AF5FD7511E68FC70003A2343 /* DrawerSwingTransition.swift */ = {isa = PBXFileReference; fileEncoding = 4; lastKnownFileType = sourcecode.swift; path = DrawerSwingTransition.swift; sourceTree = "<group>"; };
		AF5FD7521E68FC70003A2343 /* DrawerTransition.swift */ = {isa = PBXFileReference; fileEncoding = 4; lastKnownFileType = sourcecode.swift; path = DrawerTransition.swift; sourceTree = "<group>"; };
		AF5FD7531E68FC70003A2343 /* DrawerZoomTransition.swift */ = {isa = PBXFileReference; fileEncoding = 4; lastKnownFileType = sourcecode.swift; path = DrawerZoomTransition.swift; sourceTree = "<group>"; };
		AF5FD7551E68FC70003A2343 /* DrawerGestureSensitivity.swift */ = {isa = PBXFileReference; fileEncoding = 4; lastKnownFileType = sourcecode.swift; path = DrawerGestureSensitivity.swift; sourceTree = "<group>"; };
		AF5FD7561E68FC70003A2343 /* DrawerSide.swift */ = {isa = PBXFileReference; fileEncoding = 4; lastKnownFileType = sourcecode.swift; path = DrawerSide.swift; sourceTree = "<group>"; };
		AF5FD7571E68FC70003A2343 /* UIViewController+DrawerController.swift */ = {isa = PBXFileReference; fileEncoding = 4; lastKnownFileType = sourcecode.swift; path = "UIViewController+DrawerController.swift"; sourceTree = "<group>"; };
		AF5FD7591E68FC70003A2343 /* TranslucentView.swift */ = {isa = PBXFileReference; fileEncoding = 4; lastKnownFileType = sourcecode.swift; path = TranslucentView.swift; sourceTree = "<group>"; };
/* End PBXFileReference section */

/* Begin PBXFrameworksBuildPhase section */
		662469991E68EBB50001C31F /* Frameworks */ = {
			isa = PBXFrameworksBuildPhase;
			buildActionMask = 2147483647;
			files = (
			);
			runOnlyForDeploymentPostprocessing = 0;
		};
/* End PBXFrameworksBuildPhase section */

/* Begin PBXGroup section */
		662469931E68EBB50001C31F = {
			isa = PBXGroup;
			children = (
				6624699E1E68EBB50001C31F /* FameShopping */,
				6624699D1E68EBB50001C31F /* Products */,
			);
			sourceTree = "<group>";
		};
		6624699D1E68EBB50001C31F /* Products */ = {
			isa = PBXGroup;
			children = (
				6624699C1E68EBB50001C31F /* FameShopping.app */,
			);
			name = Products;
			sourceTree = "<group>";
		};
		6624699E1E68EBB50001C31F /* FameShopping */ = {
			isa = PBXGroup;
			children = (
				662469B41E6906260001C31F /* MenuViewController */,
				662469B11E6902280001C31F /* MainViewController */,
				AF5FD72F1E68FC70003A2343 /* 3rdparty */,
				6624699F1E68EBB60001C31F /* AppDelegate.swift */,
				662469A31E68EBB60001C31F /* Main.storyboard */,
				662469A61E68EBB60001C31F /* Assets.xcassets */,
				662469A81E68EBB60001C31F /* LaunchScreen.storyboard */,
				662469AB1E68EBB60001C31F /* Info.plist */,
			);
			path = FameShopping;
			sourceTree = "<group>";
		};
		662469B11E6902280001C31F /* MainViewController */ = {
			isa = PBXGroup;
			children = (
				662469B21E6902390001C31F /* MainViewController.swift */,
			);
			path = MainViewController;
			sourceTree = "<group>";
		};
		662469B41E6906260001C31F /* MenuViewController */ = {
			isa = PBXGroup;
			children = (
				662469B51E6906320001C31F /* MenuViewController.swift */,
			);
			path = MenuViewController;
			sourceTree = "<group>";
		};
		AF5FD72F1E68FC70003A2343 /* 3rdparty */ = {
			isa = PBXGroup;
			children = (
				AF5FD7301E68FC70003A2343 /* DrawerController */,
			);
			path = 3rdparty;
			sourceTree = "<group>";
		};
		AF5FD7301E68FC70003A2343 /* DrawerController */ = {
			isa = PBXGroup;
			children = (
				AF5FD7311E68FC70003A2343 /* Animator */,
				AF5FD7411E68FC70003A2343 /* DrawerController.swift */,
				AF5FD7421E68FC70003A2343 /* Info.plist */,
				AF5FD7431E68FC70003A2343 /* KWDrawerController.h */,
				AF5FD7441E68FC70003A2343 /* Models */,
				AF5FD7471E68FC70003A2343 /* Segue */,
				AF5FD74B1E68FC70003A2343 /* Transition */,
				AF5FD7541E68FC70003A2343 /* Types */,
				AF5FD7571E68FC70003A2343 /* UIViewController+DrawerController.swift */,
				AF5FD7581E68FC70003A2343 /* View */,
			);
			path = DrawerController;
			sourceTree = "<group>";
		};
		AF5FD7311E68FC70003A2343 /* Animator */ = {
			isa = PBXGroup;
			children = (
				AF5FD7321E68FC70003A2343 /* DrawerAnimator.swift */,
				AF5FD7331E68FC70003A2343 /* DrawerBackEaseAnimator.swift */,
				AF5FD7341E68FC70003A2343 /* DrawerBounceEaseAnimator.swift */,
				AF5FD7351E68FC70003A2343 /* DrawerCircEaseAnimator.swift */,
				AF5FD7361E68FC70003A2343 /* DrawerCubicEaseAnimator.swift */,
				AF5FD7371E68FC70003A2343 /* DrawerCurveEaseAnimator.swift */,
				AF5FD7381E68FC70003A2343 /* DrawerElasticEaseAnimator.swift */,
				AF5FD7391E68FC70003A2343 /* DrawerExpoEaseAnimator.swift */,
				AF5FD73A1E68FC70003A2343 /* DrawerLinearAnimator.swift */,
				AF5FD73B1E68FC70003A2343 /* DrawerQuadEaseAnimator.swift */,
				AF5FD73C1E68FC70003A2343 /* DrawerQuartEaseAnimator.swift */,
				AF5FD73D1E68FC70003A2343 /* DrawerQuintEaseAnimator.swift */,
				AF5FD73E1E68FC70003A2343 /* DrawerSineEaseAnimator.swift */,
				AF5FD73F1E68FC70003A2343 /* DrawerSpringAnimator.swift */,
				AF5FD7401E68FC70003A2343 /* DrawerTickAnimator.swift */,
			);
			path = Animator;
			sourceTree = "<group>";
		};
		AF5FD7441E68FC70003A2343 /* Models */ = {
			isa = PBXGroup;
			children = (
				AF5FD7451E68FC70003A2343 /* DrawerContent.swift */,
				AF5FD7461E68FC70003A2343 /* DrawerOption.swift */,
			);
			path = Models;
			sourceTree = "<group>";
		};
		AF5FD7471E68FC70003A2343 /* Segue */ = {
			isa = PBXGroup;
			children = (
				AF5FD7481E68FC70003A2343 /* DrawerEmbedLeftControllerSegue.swift */,
				AF5FD7491E68FC70003A2343 /* DrawerEmbedMainControllerSegue.swift */,
				AF5FD74A1E68FC70003A2343 /* DrawerEmbedRightControllerSegue.swift */,
			);
			path = Segue;
			sourceTree = "<group>";
		};
		AF5FD74B1E68FC70003A2343 /* Transition */ = {
			isa = PBXGroup;
			children = (
				AF5FD74C1E68FC70003A2343 /* DrawerFloatTransition.swift */,
				AF5FD74D1E68FC70003A2343 /* DrawerFoldTransition.swift */,
				AF5FD74E1E68FC70003A2343 /* DrawerParallaxTransition.swift */,
				AF5FD74F1E68FC70003A2343 /* DrawerScaleTransition.swift */,
				AF5FD7501E68FC70003A2343 /* DrawerSlideTransition.swift */,
				AF5FD7511E68FC70003A2343 /* DrawerSwingTransition.swift */,
				AF5FD7521E68FC70003A2343 /* DrawerTransition.swift */,
				AF5FD7531E68FC70003A2343 /* DrawerZoomTransition.swift */,
			);
			path = Transition;
			sourceTree = "<group>";
		};
		AF5FD7541E68FC70003A2343 /* Types */ = {
			isa = PBXGroup;
			children = (
				AF5FD7551E68FC70003A2343 /* DrawerGestureSensitivity.swift */,
				AF5FD7561E68FC70003A2343 /* DrawerSide.swift */,
			);
			path = Types;
			sourceTree = "<group>";
		};
		AF5FD7581E68FC70003A2343 /* View */ = {
			isa = PBXGroup;
			children = (
				AF5FD7591E68FC70003A2343 /* TranslucentView.swift */,
			);
			path = View;
			sourceTree = "<group>";
		};
/* End PBXGroup section */

/* Begin PBXNativeTarget section */
		6624699B1E68EBB50001C31F /* FameShopping */ = {
			isa = PBXNativeTarget;
			buildConfigurationList = 662469AE1E68EBB60001C31F /* Build configuration list for PBXNativeTarget "FameShopping" */;
			buildPhases = (
				662469981E68EBB50001C31F /* Sources */,
				662469991E68EBB50001C31F /* Frameworks */,
				6624699A1E68EBB50001C31F /* Resources */,
			);
			buildRules = (
			);
			dependencies = (
			);
			name = FameShopping;
			productName = FameShopping;
			productReference = 6624699C1E68EBB50001C31F /* FameShopping.app */;
			productType = "com.apple.product-type.application";
		};
/* End PBXNativeTarget section */

/* Begin PBXProject section */
		662469941E68EBB50001C31F /* Project object */ = {
			isa = PBXProject;
			attributes = {
				LastSwiftUpdateCheck = 0820;
				LastUpgradeCheck = 0820;
				ORGANIZATIONNAME = YunTu;
				TargetAttributes = {
					6624699B1E68EBB50001C31F = {
						CreatedOnToolsVersion = 8.2;
						DevelopmentTeam = PA5REWWP2Y;
						ProvisioningStyle = Automatic;
					};
				};
			};
			buildConfigurationList = 662469971E68EBB50001C31F /* Build configuration list for PBXProject "FameShopping" */;
			compatibilityVersion = "Xcode 3.2";
			developmentRegion = English;
			hasScannedForEncodings = 0;
			knownRegions = (
				en,
				Base,
			);
			mainGroup = 662469931E68EBB50001C31F;
			productRefGroup = 6624699D1E68EBB50001C31F /* Products */;
			projectDirPath = "";
			projectRoot = "";
			targets = (
				6624699B1E68EBB50001C31F /* FameShopping */,
			);
		};
/* End PBXProject section */

/* Begin PBXResourcesBuildPhase section */
		6624699A1E68EBB50001C31F /* Resources */ = {
			isa = PBXResourcesBuildPhase;
			buildActionMask = 2147483647;
			files = (
				AF5FD76A1E68FC70003A2343 /* Info.plist in Resources */,
				662469AA1E68EBB60001C31F /* LaunchScreen.storyboard in Resources */,
				662469A71E68EBB60001C31F /* Assets.xcassets in Resources */,
				662469A51E68EBB60001C31F /* Main.storyboard in Resources */,
			);
			runOnlyForDeploymentPostprocessing = 0;
		};
/* End PBXResourcesBuildPhase section */

/* Begin PBXSourcesBuildPhase section */
		662469981E68EBB50001C31F /* Sources */ = {
			isa = PBXSourcesBuildPhase;
			buildActionMask = 2147483647;
			files = (
				AF5FD76F1E68FC70003A2343 /* DrawerEmbedRightControllerSegue.swift in Sources */,
				AF5FD7631E68FC70003A2343 /* DrawerQuadEaseAnimator.swift in Sources */,
				AF5FD76B1E68FC70003A2343 /* DrawerContent.swift in Sources */,
				AF5FD7601E68FC70003A2343 /* DrawerElasticEaseAnimator.swift in Sources */,
				AF5FD7731E68FC70003A2343 /* DrawerScaleTransition.swift in Sources */,
				AF5FD7711E68FC70003A2343 /* DrawerFoldTransition.swift in Sources */,
				AF5FD7771E68FC70003A2343 /* DrawerZoomTransition.swift in Sources */,
				AF5FD7701E68FC70003A2343 /* DrawerFloatTransition.swift in Sources */,
				AF5FD7781E68FC70003A2343 /* DrawerGestureSensitivity.swift in Sources */,
				AF5FD7741E68FC70003A2343 /* DrawerSlideTransition.swift in Sources */,
				AF5FD7721E68FC70003A2343 /* DrawerParallaxTransition.swift in Sources */,
				AF5FD76C1E68FC70003A2343 /* DrawerOption.swift in Sources */,
				AF5FD7791E68FC70003A2343 /* DrawerSide.swift in Sources */,
				AF5FD7681E68FC70003A2343 /* DrawerTickAnimator.swift in Sources */,
				662469B31E6902390001C31F /* MainViewController.swift in Sources */,
				AF5FD7611E68FC70003A2343 /* DrawerExpoEaseAnimator.swift in Sources */,
				AF5FD7641E68FC70003A2343 /* DrawerQuartEaseAnimator.swift in Sources */,
				AF5FD7621E68FC70003A2343 /* DrawerLinearAnimator.swift in Sources */,
				AF5FD75A1E68FC70003A2343 /* DrawerAnimator.swift in Sources */,
				AF5FD75B1E68FC70003A2343 /* DrawerBackEaseAnimator.swift in Sources */,
				AF5FD7671E68FC70003A2343 /* DrawerSpringAnimator.swift in Sources */,
				AF5FD75F1E68FC70003A2343 /* DrawerCurveEaseAnimator.swift in Sources */,
				AF5FD7651E68FC70003A2343 /* DrawerQuintEaseAnimator.swift in Sources */,
				AF5FD77B1E68FC70003A2343 /* TranslucentView.swift in Sources */,
				662469A01E68EBB60001C31F /* AppDelegate.swift in Sources */,
				AF5FD75D1E68FC70003A2343 /* DrawerCircEaseAnimator.swift in Sources */,
				AF5FD77A1E68FC70003A2343 /* UIViewController+DrawerController.swift in Sources */,
				AF5FD7691E68FC70003A2343 /* DrawerController.swift in Sources */,
				AF5FD7661E68FC70003A2343 /* DrawerSineEaseAnimator.swift in Sources */,
				AF5FD7751E68FC70003A2343 /* DrawerSwingTransition.swift in Sources */,
				AF5FD7761E68FC70003A2343 /* DrawerTransition.swift in Sources */,
				662469B61E6906320001C31F /* MenuViewController.swift in Sources */,
				AF5FD75C1E68FC70003A2343 /* DrawerBounceEaseAnimator.swift in Sources */,
				AF5FD76E1E68FC70003A2343 /* DrawerEmbedMainControllerSegue.swift in Sources */,
				AF5FD76D1E68FC70003A2343 /* DrawerEmbedLeftControllerSegue.swift in Sources */,
				AF5FD75E1E68FC70003A2343 /* DrawerCubicEaseAnimator.swift in Sources */,
			);
			runOnlyForDeploymentPostprocessing = 0;
		};
/* End PBXSourcesBuildPhase section */

/* Begin PBXVariantGroup section */
		662469A31E68EBB60001C31F /* Main.storyboard */ = {
			isa = PBXVariantGroup;
			children = (
				662469A41E68EBB60001C31F /* Base */,
			);
			name = Main.storyboard;
			sourceTree = "<group>";
		};
		662469A81E68EBB60001C31F /* LaunchScreen.storyboard */ = {
			isa = PBXVariantGroup;
			children = (
				662469A91E68EBB60001C31F /* Base */,
			);
			name = LaunchScreen.storyboard;
			sourceTree = "<group>";
		};
/* End PBXVariantGroup section */

/* Begin XCBuildConfiguration section */
		662469AC1E68EBB60001C31F /* Debug */ = {
			isa = XCBuildConfiguration;
			buildSettings = {
				ALWAYS_SEARCH_USER_PATHS = NO;
				CLANG_ANALYZER_NONNULL = YES;
				CLANG_CXX_LANGUAGE_STANDARD = "gnu++0x";
				CLANG_CXX_LIBRARY = "libc++";
				CLANG_ENABLE_MODULES = YES;
				CLANG_ENABLE_OBJC_ARC = YES;
				CLANG_WARN_BOOL_CONVERSION = YES;
				CLANG_WARN_CONSTANT_CONVERSION = YES;
				CLANG_WARN_DIRECT_OBJC_ISA_USAGE = YES_ERROR;
				CLANG_WARN_DOCUMENTATION_COMMENTS = YES;
				CLANG_WARN_EMPTY_BODY = YES;
				CLANG_WARN_ENUM_CONVERSION = YES;
				CLANG_WARN_INFINITE_RECURSION = YES;
				CLANG_WARN_INT_CONVERSION = YES;
				CLANG_WARN_OBJC_ROOT_CLASS = YES_ERROR;
				CLANG_WARN_SUSPICIOUS_MOVE = YES;
				CLANG_WARN_UNREACHABLE_CODE = YES;
				CLANG_WARN__DUPLICATE_METHOD_MATCH = YES;
				"CODE_SIGN_IDENTITY[sdk=iphoneos*]" = "iPhone Developer";
				COPY_PHASE_STRIP = NO;
				DEBUG_INFORMATION_FORMAT = dwarf;
				ENABLE_STRICT_OBJC_MSGSEND = YES;
				ENABLE_TESTABILITY = YES;
				GCC_C_LANGUAGE_STANDARD = gnu99;
				GCC_DYNAMIC_NO_PIC = NO;
				GCC_NO_COMMON_BLOCKS = YES;
				GCC_OPTIMIZATION_LEVEL = 0;
				GCC_PREPROCESSOR_DEFINITIONS = (
					"DEBUG=1",
					"$(inherited)",
				);
				GCC_WARN_64_TO_32_BIT_CONVERSION = YES;
				GCC_WARN_ABOUT_RETURN_TYPE = YES_ERROR;
				GCC_WARN_UNDECLARED_SELECTOR = YES;
				GCC_WARN_UNINITIALIZED_AUTOS = YES_AGGRESSIVE;
				GCC_WARN_UNUSED_FUNCTION = YES;
				GCC_WARN_UNUSED_VARIABLE = YES;
				IPHONEOS_DEPLOYMENT_TARGET = 10.2;
				MTL_ENABLE_DEBUG_INFO = YES;
				ONLY_ACTIVE_ARCH = YES;
				SDKROOT = iphoneos;
				SWIFT_ACTIVE_COMPILATION_CONDITIONS = DEBUG;
				SWIFT_OPTIMIZATION_LEVEL = "-Onone";
			};
			name = Debug;
		};
		662469AD1E68EBB60001C31F /* Release */ = {
			isa = XCBuildConfiguration;
			buildSettings = {
				ALWAYS_SEARCH_USER_PATHS = NO;
				CLANG_ANALYZER_NONNULL = YES;
				CLANG_CXX_LANGUAGE_STANDARD = "gnu++0x";
				CLANG_CXX_LIBRARY = "libc++";
				CLANG_ENABLE_MODULES = YES;
				CLANG_ENABLE_OBJC_ARC = YES;
				CLANG_WARN_BOOL_CONVERSION = YES;
				CLANG_WARN_CONSTANT_CONVERSION = YES;
				CLANG_WARN_DIRECT_OBJC_ISA_USAGE = YES_ERROR;
				CLANG_WARN_DOCUMENTATION_COMMENTS = YES;
				CLANG_WARN_EMPTY_BODY = YES;
				CLANG_WARN_ENUM_CONVERSION = YES;
				CLANG_WARN_INFINITE_RECURSION = YES;
				CLANG_WARN_INT_CONVERSION = YES;
				CLANG_WARN_OBJC_ROOT_CLASS = YES_ERROR;
				CLANG_WARN_SUSPICIOUS_MOVE = YES;
				CLANG_WARN_UNREACHABLE_CODE = YES;
				CLANG_WARN__DUPLICATE_METHOD_MATCH = YES;
				"CODE_SIGN_IDENTITY[sdk=iphoneos*]" = "iPhone Developer";
				COPY_PHASE_STRIP = NO;
				DEBUG_INFORMATION_FORMAT = "dwarf-with-dsym";
				ENABLE_NS_ASSERTIONS = NO;
				ENABLE_STRICT_OBJC_MSGSEND = YES;
				GCC_C_LANGUAGE_STANDARD = gnu99;
				GCC_NO_COMMON_BLOCKS = YES;
				GCC_WARN_64_TO_32_BIT_CONVERSION = YES;
				GCC_WARN_ABOUT_RETURN_TYPE = YES_ERROR;
				GCC_WARN_UNDECLARED_SELECTOR = YES;
				GCC_WARN_UNINITIALIZED_AUTOS = YES_AGGRESSIVE;
				GCC_WARN_UNUSED_FUNCTION = YES;
				GCC_WARN_UNUSED_VARIABLE = YES;
				IPHONEOS_DEPLOYMENT_TARGET = 10.2;
				MTL_ENABLE_DEBUG_INFO = NO;
				SDKROOT = iphoneos;
				SWIFT_OPTIMIZATION_LEVEL = "-Owholemodule";
				VALIDATE_PRODUCT = YES;
			};
			name = Release;
		};
		662469AF1E68EBB60001C31F /* Debug */ = {
			isa = XCBuildConfiguration;
			buildSettings = {
				ASSETCATALOG_COMPILER_APPICON_NAME = AppIcon;
				DEVELOPMENT_TEAM = PA5REWWP2Y;
				INFOPLIST_FILE = FameShopping/Info.plist;
				IPHONEOS_DEPLOYMENT_TARGET = 8.0;
				LD_RUNPATH_SEARCH_PATHS = "$(inherited) @executable_path/Frameworks";
				PRODUCT_BUNDLE_IDENTIFIER = com.work.FameShopping;
				PRODUCT_NAME = "$(TARGET_NAME)";
				SWIFT_VERSION = 3.0;
			};
			name = Debug;
		};
		662469B01E68EBB60001C31F /* Release */ = {
			isa = XCBuildConfiguration;
			buildSettings = {
				ASSETCATALOG_COMPILER_APPICON_NAME = AppIcon;
				DEVELOPMENT_TEAM = PA5REWWP2Y;
				INFOPLIST_FILE = FameShopping/Info.plist;
				IPHONEOS_DEPLOYMENT_TARGET = 8.0;
				LD_RUNPATH_SEARCH_PATHS = "$(inherited) @executable_path/Frameworks";
				PRODUCT_BUNDLE_IDENTIFIER = com.work.FameShopping;
				PRODUCT_NAME = "$(TARGET_NAME)";
				SWIFT_VERSION = 3.0;
			};
			name = Release;
		};
/* End XCBuildConfiguration section */

/* Begin XCConfigurationList section */
		662469971E68EBB50001C31F /* Build configuration list for PBXProject "FameShopping" */ = {
			isa = XCConfigurationList;
			buildConfigurations = (
				662469AC1E68EBB60001C31F /* Debug */,
				662469AD1E68EBB60001C31F /* Release */,
			);
			defaultConfigurationIsVisible = 0;
			defaultConfigurationName = Release;
		};
		662469AE1E68EBB60001C31F /* Build configuration list for PBXNativeTarget "FameShopping" */ = {
			isa = XCConfigurationList;
			buildConfigurations = (
				662469AF1E68EBB60001C31F /* Debug */,
				662469B01E68EBB60001C31F /* Release */,
			);
			defaultConfigurationIsVisible = 0;
			defaultConfigurationName = Release;
		};
/* End XCConfigurationList section */
	};
	rootObject = 662469941E68EBB50001C31F /* Project object */;
}
