// !$*UTF8*$!
{
	archiveVersion = 1;
	classes = {
	};
	objectVersion = 46;
	objects = {

/* Begin PBXBuildFile section */
		660501AD1E6E44F100F899FD /* BindingPhoneViewController.swift in Sources */ = {isa = PBXBuildFile; fileRef = 660501AC1E6E44F100F899FD /* BindingPhoneViewController.swift */; };
		660501AF1E6E494A00F899FD /* NewPhoneViewController.swift in Sources */ = {isa = PBXBuildFile; fileRef = 660501AE1E6E494A00F899FD /* NewPhoneViewController.swift */; };
		660501B11E6E498D00F899FD /* UpdatePhoneViewController.swift in Sources */ = {isa = PBXBuildFile; fileRef = 660501B01E6E498D00F899FD /* UpdatePhoneViewController.swift */; };
		660501B31E6E537200F899FD /* UpdatePwdViewController.swift in Sources */ = {isa = PBXBuildFile; fileRef = 660501B21E6E537200F899FD /* UpdatePwdViewController.swift */; };
		662469A01E68EBB60001C31F /* AppDelegate.swift in Sources */ = {isa = PBXBuildFile; fileRef = 6624699F1E68EBB60001C31F /* AppDelegate.swift */; };
		662469A51E68EBB60001C31F /* Main.storyboard in Resources */ = {isa = PBXBuildFile; fileRef = 662469A31E68EBB60001C31F /* Main.storyboard */; };
		662469A71E68EBB60001C31F /* Assets.xcassets in Resources */ = {isa = PBXBuildFile; fileRef = 662469A61E68EBB60001C31F /* Assets.xcassets */; };
		662469AA1E68EBB60001C31F /* LaunchScreen.storyboard in Resources */ = {isa = PBXBuildFile; fileRef = 662469A81E68EBB60001C31F /* LaunchScreen.storyboard */; };
		662469B31E6902390001C31F /* MainViewController.swift in Sources */ = {isa = PBXBuildFile; fileRef = 662469B21E6902390001C31F /* MainViewController.swift */; };
		662469B61E6906320001C31F /* MenuViewController.swift in Sources */ = {isa = PBXBuildFile; fileRef = 662469B51E6906320001C31F /* MenuViewController.swift */; };
		662469BA1E690F4A0001C31F /* ITRAirSideMenu.m in Sources */ = {isa = PBXBuildFile; fileRef = 662469B91E690F4A0001C31F /* ITRAirSideMenu.m */; };
		662469C11E6918F10001C31F /* NetworkModel.swift in Sources */ = {isa = PBXBuildFile; fileRef = 662469C01E6918F10001C31F /* NetworkModel.swift */; };
		6698DF651E6E59FF0037D646 /* AbortViewController.swift in Sources */ = {isa = PBXBuildFile; fileRef = 6698DF641E6E59FF0037D646 /* AbortViewController.swift */; };
		6698DF681E6E86B90037D646 /* GoodPageViewController.swift in Sources */ = {isa = PBXBuildFile; fileRef = 6698DF671E6E86B90037D646 /* GoodPageViewController.swift */; };
		6698DF6C1E6E87AF0037D646 /* GoodViewController.swift in Sources */ = {isa = PBXBuildFile; fileRef = 6698DF6B1E6E87AF0037D646 /* GoodViewController.swift */; };
		6698DF6E1E6E87C50037D646 /* EvaluateViewController.swift in Sources */ = {isa = PBXBuildFile; fileRef = 6698DF6D1E6E87C50037D646 /* EvaluateViewController.swift */; };
		6698DF701E6E87D80037D646 /* DetailViewController.swift in Sources */ = {isa = PBXBuildFile; fileRef = 6698DF6F1E6E87D80037D646 /* DetailViewController.swift */; };
		6698DF741E6E95190037D646 /* YRCoverFlowLayout.m in Sources */ = {isa = PBXBuildFile; fileRef = 6698DF731E6E95190037D646 /* YRCoverFlowLayout.m */; };
		6698DF791E6FC3B90037D646 /* CollectionViewController.swift in Sources */ = {isa = PBXBuildFile; fileRef = 6698DF781E6FC3B90037D646 /* CollectionViewController.swift */; };
		6698DFA21E6FF0EB0037D646 /* CartViewController.swift in Sources */ = {isa = PBXBuildFile; fileRef = 6698DFA11E6FF0EB0037D646 /* CartViewController.swift */; };
		66A563D31E692B760003B532 /* Helpers.swift in Sources */ = {isa = PBXBuildFile; fileRef = 66A563D21E692B760003B532 /* Helpers.swift */; };
		66A563D61E69450A0003B532 /* UserViewController.swift in Sources */ = {isa = PBXBuildFile; fileRef = 66A563D51E69450A0003B532 /* UserViewController.swift */; };
		66A563D91E694D340003B532 /* LoginViewController.swift in Sources */ = {isa = PBXBuildFile; fileRef = 66A563D81E694D340003B532 /* LoginViewController.swift */; };
		66A563DB1E694EE00003B532 /* UITextFieldFactory.swift in Sources */ = {isa = PBXBuildFile; fileRef = 66A563DA1E694EE00003B532 /* UITextFieldFactory.swift */; };
		66A563DD1E6CEF5D0003B532 /* UserInfoViewController.swift in Sources */ = {isa = PBXBuildFile; fileRef = 66A563DC1E6CEF5D0003B532 /* UserInfoViewController.swift */; };
		66A563DF1E6D0BE20003B532 /* SettingViewController.swift in Sources */ = {isa = PBXBuildFile; fileRef = 66A563DE1E6D0BE20003B532 /* SettingViewController.swift */; };
		66A563E11E6D1DD50003B532 /* AccountViewController.swift in Sources */ = {isa = PBXBuildFile; fileRef = 66A563E01E6D1DD50003B532 /* AccountViewController.swift */; };
		66A563E31E6D346C0003B532 /* AddressViewController.swift in Sources */ = {isa = PBXBuildFile; fileRef = 66A563E21E6D346C0003B532 /* AddressViewController.swift */; };
		66A563E51E6D3D210003B532 /* EditAddressViewController.swift in Sources */ = {isa = PBXBuildFile; fileRef = 66A563E41E6D3D210003B532 /* EditAddressViewController.swift */; };
		66CFC3201E71109800CB859C /* PayViewController.swift in Sources */ = {isa = PBXBuildFile; fileRef = 66CFC31F1E71109800CB859C /* PayViewController.swift */; };
		66CFC3221E7128D700CB859C /* NavBarExtend.swift in Sources */ = {isa = PBXBuildFile; fileRef = 66CFC3211E7128D700CB859C /* NavBarExtend.swift */; };
		66CFC3251E713C1B00CB859C /* NeedPayViewController.swift in Sources */ = {isa = PBXBuildFile; fileRef = 66CFC3241E713C1B00CB859C /* NeedPayViewController.swift */; };
		66CFC3271E713C2E00CB859C /* NeedAcceptViewController.swift in Sources */ = {isa = PBXBuildFile; fileRef = 66CFC3261E713C2E00CB859C /* NeedAcceptViewController.swift */; };
		66CFC3291E713C4700CB859C /* RefundViewController.swift in Sources */ = {isa = PBXBuildFile; fileRef = 66CFC3281E713C4700CB859C /* RefundViewController.swift */; };
		66CFC32B1E713C8200CB859C /* NeedEvaluateViewController.swift in Sources */ = {isa = PBXBuildFile; fileRef = 66CFC32A1E713C8200CB859C /* NeedEvaluateViewController.swift */; };
		66CFC32D1E713C8F00CB859C /* AllOrderViewController.swift in Sources */ = {isa = PBXBuildFile; fileRef = 66CFC32C1E713C8F00CB859C /* AllOrderViewController.swift */; };
		66CFC32F1E713CCA00CB859C /* OrderPageViewController.swift in Sources */ = {isa = PBXBuildFile; fileRef = 66CFC32E1E713CCA00CB859C /* OrderPageViewController.swift */; };
		66E6ED0F1E70EF700009FE9C /* CommitOrderViewController.swift in Sources */ = {isa = PBXBuildFile; fileRef = 66E6ED0E1E70EF700009FE9C /* CommitOrderViewController.swift */; };
		AF4DDF6E1E6C465C00BAEFDF /* RegistViewController.swift in Sources */ = {isa = PBXBuildFile; fileRef = AF4DDF6D1E6C465C00BAEFDF /* RegistViewController.swift */; };
		AF4DDF701E6C478800BAEFDF /* UIColor+More.swift in Sources */ = {isa = PBXBuildFile; fileRef = AF4DDF6F1E6C478800BAEFDF /* UIColor+More.swift */; };
		AF4DDF731E6C52B300BAEFDF /* UserModel.swift in Sources */ = {isa = PBXBuildFile; fileRef = AF4DDF721E6C52B300BAEFDF /* UserModel.swift */; };
		BF95E2C3D09DF12EDF5DF6AB /* Pods_FameShopping.framework in Frameworks */ = {isa = PBXBuildFile; fileRef = B5B29D162FB44FEC599B3FC8 /* Pods_FameShopping.framework */; };
/* End PBXBuildFile section */

/* Begin PBXFileReference section */
		64DDB78FCEC7401089CA01B6 /* Pods-FameShopping.debug.xcconfig */ = {isa = PBXFileReference; includeInIndex = 1; lastKnownFileType = text.xcconfig; name = "Pods-FameShopping.debug.xcconfig"; path = "Pods/Target Support Files/Pods-FameShopping/Pods-FameShopping.debug.xcconfig"; sourceTree = "<group>"; };
		660501AC1E6E44F100F899FD /* BindingPhoneViewController.swift */ = {isa = PBXFileReference; fileEncoding = 4; lastKnownFileType = sourcecode.swift; path = BindingPhoneViewController.swift; sourceTree = "<group>"; };
		660501AE1E6E494A00F899FD /* NewPhoneViewController.swift */ = {isa = PBXFileReference; fileEncoding = 4; lastKnownFileType = sourcecode.swift; path = NewPhoneViewController.swift; sourceTree = "<group>"; };
		660501B01E6E498D00F899FD /* UpdatePhoneViewController.swift */ = {isa = PBXFileReference; fileEncoding = 4; lastKnownFileType = sourcecode.swift; path = UpdatePhoneViewController.swift; sourceTree = "<group>"; };
		660501B21E6E537200F899FD /* UpdatePwdViewController.swift */ = {isa = PBXFileReference; fileEncoding = 4; lastKnownFileType = sourcecode.swift; path = UpdatePwdViewController.swift; sourceTree = "<group>"; };
		6624699C1E68EBB50001C31F /* FameShopping.app */ = {isa = PBXFileReference; explicitFileType = wrapper.application; includeInIndex = 0; path = FameShopping.app; sourceTree = BUILT_PRODUCTS_DIR; };
		6624699F1E68EBB60001C31F /* AppDelegate.swift */ = {isa = PBXFileReference; lastKnownFileType = sourcecode.swift; path = AppDelegate.swift; sourceTree = "<group>"; };
		662469A41E68EBB60001C31F /* Base */ = {isa = PBXFileReference; lastKnownFileType = file.storyboard; name = Base; path = Base.lproj/Main.storyboard; sourceTree = "<group>"; };
		662469A61E68EBB60001C31F /* Assets.xcassets */ = {isa = PBXFileReference; lastKnownFileType = folder.assetcatalog; path = Assets.xcassets; sourceTree = "<group>"; };
		662469A91E68EBB60001C31F /* Base */ = {isa = PBXFileReference; lastKnownFileType = file.storyboard; name = Base; path = Base.lproj/LaunchScreen.storyboard; sourceTree = "<group>"; };
		662469AB1E68EBB60001C31F /* Info.plist */ = {isa = PBXFileReference; lastKnownFileType = text.plist.xml; path = Info.plist; sourceTree = "<group>"; };
		662469B21E6902390001C31F /* MainViewController.swift */ = {isa = PBXFileReference; fileEncoding = 4; lastKnownFileType = sourcecode.swift; path = MainViewController.swift; sourceTree = "<group>"; };
		662469B51E6906320001C31F /* MenuViewController.swift */ = {isa = PBXFileReference; fileEncoding = 4; lastKnownFileType = sourcecode.swift; path = MenuViewController.swift; sourceTree = "<group>"; };
		662469B81E690F4A0001C31F /* ITRAirSideMenu.h */ = {isa = PBXFileReference; fileEncoding = 4; lastKnownFileType = sourcecode.c.h; path = ITRAirSideMenu.h; sourceTree = "<group>"; };
		662469B91E690F4A0001C31F /* ITRAirSideMenu.m */ = {isa = PBXFileReference; fileEncoding = 4; lastKnownFileType = sourcecode.c.objc; path = ITRAirSideMenu.m; sourceTree = "<group>"; };
		662469BF1E690FC50001C31F /* FameShopping-Bridging-Header.h */ = {isa = PBXFileReference; lastKnownFileType = sourcecode.c.h; path = "FameShopping-Bridging-Header.h"; sourceTree = "<group>"; };
		662469C01E6918F10001C31F /* NetworkModel.swift */ = {isa = PBXFileReference; fileEncoding = 4; lastKnownFileType = sourcecode.swift; path = NetworkModel.swift; sourceTree = "<group>"; };
		6698DF641E6E59FF0037D646 /* AbortViewController.swift */ = {isa = PBXFileReference; fileEncoding = 4; lastKnownFileType = sourcecode.swift; path = AbortViewController.swift; sourceTree = "<group>"; };
		6698DF671E6E86B90037D646 /* GoodPageViewController.swift */ = {isa = PBXFileReference; fileEncoding = 4; lastKnownFileType = sourcecode.swift; path = GoodPageViewController.swift; sourceTree = "<group>"; };
		6698DF6B1E6E87AF0037D646 /* GoodViewController.swift */ = {isa = PBXFileReference; fileEncoding = 4; lastKnownFileType = sourcecode.swift; path = GoodViewController.swift; sourceTree = "<group>"; };
		6698DF6D1E6E87C50037D646 /* EvaluateViewController.swift */ = {isa = PBXFileReference; fileEncoding = 4; lastKnownFileType = sourcecode.swift; path = EvaluateViewController.swift; sourceTree = "<group>"; };
		6698DF6F1E6E87D80037D646 /* DetailViewController.swift */ = {isa = PBXFileReference; fileEncoding = 4; lastKnownFileType = sourcecode.swift; path = DetailViewController.swift; sourceTree = "<group>"; };
		6698DF721E6E95190037D646 /* YRCoverFlowLayout.h */ = {isa = PBXFileReference; fileEncoding = 4; lastKnownFileType = sourcecode.c.h; path = YRCoverFlowLayout.h; sourceTree = "<group>"; };
		6698DF731E6E95190037D646 /* YRCoverFlowLayout.m */ = {isa = PBXFileReference; fileEncoding = 4; lastKnownFileType = sourcecode.c.objc; path = YRCoverFlowLayout.m; sourceTree = "<group>"; };
		6698DF781E6FC3B90037D646 /* CollectionViewController.swift */ = {isa = PBXFileReference; fileEncoding = 4; lastKnownFileType = sourcecode.swift; path = CollectionViewController.swift; sourceTree = "<group>"; };
		6698DFA11E6FF0EB0037D646 /* CartViewController.swift */ = {isa = PBXFileReference; fileEncoding = 4; lastKnownFileType = sourcecode.swift; path = CartViewController.swift; sourceTree = "<group>"; };
		66A563D21E692B760003B532 /* Helpers.swift */ = {isa = PBXFileReference; fileEncoding = 4; lastKnownFileType = sourcecode.swift; path = Helpers.swift; sourceTree = "<group>"; };
		66A563D51E69450A0003B532 /* UserViewController.swift */ = {isa = PBXFileReference; fileEncoding = 4; lastKnownFileType = sourcecode.swift; path = UserViewController.swift; sourceTree = "<group>"; };
		66A563D81E694D340003B532 /* LoginViewController.swift */ = {isa = PBXFileReference; fileEncoding = 4; lastKnownFileType = sourcecode.swift; path = LoginViewController.swift; sourceTree = "<group>"; };
		66A563DA1E694EE00003B532 /* UITextFieldFactory.swift */ = {isa = PBXFileReference; fileEncoding = 4; lastKnownFileType = sourcecode.swift; path = UITextFieldFactory.swift; sourceTree = "<group>"; };
		66A563DC1E6CEF5D0003B532 /* UserInfoViewController.swift */ = {isa = PBXFileReference; fileEncoding = 4; lastKnownFileType = sourcecode.swift; path = UserInfoViewController.swift; sourceTree = "<group>"; };
		66A563DE1E6D0BE20003B532 /* SettingViewController.swift */ = {isa = PBXFileReference; fileEncoding = 4; lastKnownFileType = sourcecode.swift; path = SettingViewController.swift; sourceTree = "<group>"; };
		66A563E01E6D1DD50003B532 /* AccountViewController.swift */ = {isa = PBXFileReference; fileEncoding = 4; lastKnownFileType = sourcecode.swift; path = AccountViewController.swift; sourceTree = "<group>"; };
		66A563E21E6D346C0003B532 /* AddressViewController.swift */ = {isa = PBXFileReference; fileEncoding = 4; lastKnownFileType = sourcecode.swift; path = AddressViewController.swift; sourceTree = "<group>"; };
		66A563E41E6D3D210003B532 /* EditAddressViewController.swift */ = {isa = PBXFileReference; fileEncoding = 4; lastKnownFileType = sourcecode.swift; path = EditAddressViewController.swift; sourceTree = "<group>"; };
		66CFC31F1E71109800CB859C /* PayViewController.swift */ = {isa = PBXFileReference; fileEncoding = 4; lastKnownFileType = sourcecode.swift; path = PayViewController.swift; sourceTree = "<group>"; };
		66CFC3211E7128D700CB859C /* NavBarExtend.swift */ = {isa = PBXFileReference; fileEncoding = 4; lastKnownFileType = sourcecode.swift; path = NavBarExtend.swift; sourceTree = "<group>"; };
		66CFC3241E713C1B00CB859C /* NeedPayViewController.swift */ = {isa = PBXFileReference; fileEncoding = 4; lastKnownFileType = sourcecode.swift; path = NeedPayViewController.swift; sourceTree = "<group>"; };
		66CFC3261E713C2E00CB859C /* NeedAcceptViewController.swift */ = {isa = PBXFileReference; fileEncoding = 4; lastKnownFileType = sourcecode.swift; path = NeedAcceptViewController.swift; sourceTree = "<group>"; };
		66CFC3281E713C4700CB859C /* RefundViewController.swift */ = {isa = PBXFileReference; fileEncoding = 4; lastKnownFileType = sourcecode.swift; path = RefundViewController.swift; sourceTree = "<group>"; };
		66CFC32A1E713C8200CB859C /* NeedEvaluateViewController.swift */ = {isa = PBXFileReference; fileEncoding = 4; lastKnownFileType = sourcecode.swift; path = NeedEvaluateViewController.swift; sourceTree = "<group>"; };
		66CFC32C1E713C8F00CB859C /* AllOrderViewController.swift */ = {isa = PBXFileReference; fileEncoding = 4; lastKnownFileType = sourcecode.swift; path = AllOrderViewController.swift; sourceTree = "<group>"; };
		66CFC32E1E713CCA00CB859C /* OrderPageViewController.swift */ = {isa = PBXFileReference; fileEncoding = 4; lastKnownFileType = sourcecode.swift; path = OrderPageViewController.swift; sourceTree = "<group>"; };
		66E6ED0E1E70EF700009FE9C /* CommitOrderViewController.swift */ = {isa = PBXFileReference; fileEncoding = 4; lastKnownFileType = sourcecode.swift; path = CommitOrderViewController.swift; sourceTree = "<group>"; };
		AF4DDF6D1E6C465C00BAEFDF /* RegistViewController.swift */ = {isa = PBXFileReference; fileEncoding = 4; lastKnownFileType = sourcecode.swift; path = RegistViewController.swift; sourceTree = "<group>"; };
		AF4DDF6F1E6C478800BAEFDF /* UIColor+More.swift */ = {isa = PBXFileReference; fileEncoding = 4; lastKnownFileType = sourcecode.swift; path = "UIColor+More.swift"; sourceTree = "<group>"; };
		AF4DDF721E6C52B300BAEFDF /* UserModel.swift */ = {isa = PBXFileReference; fileEncoding = 4; lastKnownFileType = sourcecode.swift; path = UserModel.swift; sourceTree = "<group>"; };
		B5B29D162FB44FEC599B3FC8 /* Pods_FameShopping.framework */ = {isa = PBXFileReference; explicitFileType = wrapper.framework; includeInIndex = 0; path = Pods_FameShopping.framework; sourceTree = BUILT_PRODUCTS_DIR; };
		FB441D473B5556AAD26B19DE /* Pods-FameShopping.release.xcconfig */ = {isa = PBXFileReference; includeInIndex = 1; lastKnownFileType = text.xcconfig; name = "Pods-FameShopping.release.xcconfig"; path = "Pods/Target Support Files/Pods-FameShopping/Pods-FameShopping.release.xcconfig"; sourceTree = "<group>"; };
/* End PBXFileReference section */

/* Begin PBXFrameworksBuildPhase section */
		662469991E68EBB50001C31F /* Frameworks */ = {
			isa = PBXFrameworksBuildPhase;
			buildActionMask = 2147483647;
			files = (
				BF95E2C3D09DF12EDF5DF6AB /* Pods_FameShopping.framework in Frameworks */,
			);
			runOnlyForDeploymentPostprocessing = 0;
		};
/* End PBXFrameworksBuildPhase section */

/* Begin PBXGroup section */
		662469931E68EBB50001C31F = {
			isa = PBXGroup;
			children = (
				6624699E1E68EBB50001C31F /* FameShopping */,
				6624699D1E68EBB50001C31F /* Products */,
				D7EE56AC3C8BD840915D5870 /* Pods */,
				DCDB2BDC594989A1D61F6C71 /* Frameworks */,
			);
			sourceTree = "<group>";
		};
		6624699D1E68EBB50001C31F /* Products */ = {
			isa = PBXGroup;
			children = (
				6624699C1E68EBB50001C31F /* FameShopping.app */,
			);
			name = Products;
			sourceTree = "<group>";
		};
		6624699E1E68EBB50001C31F /* FameShopping */ = {
			isa = PBXGroup;
			children = (
				AF4DDF711E6C52B300BAEFDF /* Model */,
				66A563D41E6944F70003B532 /* User */,
				662469BB1E690F6B0001C31F /* Util */,
				662469B41E6906260001C31F /* MenuViewController */,
				662469B11E6902280001C31F /* MainViewController */,
				6698DF751E6FA0C20037D646 /* CollectViewController */,
				6698DFA01E6FF0DA0037D646 /* CartViewController */,
				AF5FD72F1E68FC70003A2343 /* 3rdparty */,
				6624699F1E68EBB60001C31F /* AppDelegate.swift */,
				662469A31E68EBB60001C31F /* Main.storyboard */,
				662469A61E68EBB60001C31F /* Assets.xcassets */,
				662469A81E68EBB60001C31F /* LaunchScreen.storyboard */,
				662469AB1E68EBB60001C31F /* Info.plist */,
			);
			path = FameShopping;
			sourceTree = "<group>";
		};
		662469B11E6902280001C31F /* MainViewController */ = {
			isa = PBXGroup;
			children = (
				6698DF661E6E861D0037D646 /* GoodsDetailVC */,
				662469B21E6902390001C31F /* MainViewController.swift */,
			);
			path = MainViewController;
			sourceTree = "<group>";
		};
		662469B41E6906260001C31F /* MenuViewController */ = {
			isa = PBXGroup;
			children = (
				662469B51E6906320001C31F /* MenuViewController.swift */,
			);
			path = MenuViewController;
			sourceTree = "<group>";
		};
		662469B71E690F4A0001C31F /* DrawerViewController */ = {
			isa = PBXGroup;
			children = (
				662469B81E690F4A0001C31F /* ITRAirSideMenu.h */,
				662469B91E690F4A0001C31F /* ITRAirSideMenu.m */,
			);
			path = DrawerViewController;
			sourceTree = "<group>";
		};
		662469BB1E690F6B0001C31F /* Util */ = {
			isa = PBXGroup;
			children = (
				AF4DDF6F1E6C478800BAEFDF /* UIColor+More.swift */,
				66A563D21E692B760003B532 /* Helpers.swift */,
				662469C01E6918F10001C31F /* NetworkModel.swift */,
				662469BF1E690FC50001C31F /* FameShopping-Bridging-Header.h */,
				66A563DA1E694EE00003B532 /* UITextFieldFactory.swift */,
				66CFC3211E7128D700CB859C /* NavBarExtend.swift */,
			);
			path = Util;
			sourceTree = "<group>";
		};
		6698DF661E6E861D0037D646 /* GoodsDetailVC */ = {
			isa = PBXGroup;
			children = (
				6698DF671E6E86B90037D646 /* GoodPageViewController.swift */,
				6698DF6B1E6E87AF0037D646 /* GoodViewController.swift */,
				6698DF6D1E6E87C50037D646 /* EvaluateViewController.swift */,
				6698DF6F1E6E87D80037D646 /* DetailViewController.swift */,
			);
			path = GoodsDetailVC;
			sourceTree = "<group>";
		};
		6698DF711E6E94FE0037D646 /* YRCoverFlowLayout */ = {
			isa = PBXGroup;
			children = (
				6698DF721E6E95190037D646 /* YRCoverFlowLayout.h */,
				6698DF731E6E95190037D646 /* YRCoverFlowLayout.m */,
			);
			path = YRCoverFlowLayout;
			sourceTree = "<group>";
		};
		6698DF751E6FA0C20037D646 /* CollectViewController */ = {
			isa = PBXGroup;
			children = (
				6698DF781E6FC3B90037D646 /* CollectionViewController.swift */,
			);
			path = CollectViewController;
			sourceTree = "<group>";
		};
		6698DFA01E6FF0DA0037D646 /* CartViewController */ = {
			isa = PBXGroup;
			children = (
				66E6ED0D1E70EF570009FE9C /* OrderVC */,
				6698DFA11E6FF0EB0037D646 /* CartViewController.swift */,
			);
			path = CartViewController;
			sourceTree = "<group>";
		};
		66A563D41E6944F70003B532 /* User */ = {
			isa = PBXGroup;
			children = (
				66A563D71E694CE40003B532 /* Login */,
				66CFC3231E71395F00CB859C /* Order */,
				66A563D51E69450A0003B532 /* UserViewController.swift */,
				66A563DC1E6CEF5D0003B532 /* UserInfoViewController.swift */,
				66A563DE1E6D0BE20003B532 /* SettingViewController.swift */,
				66A563E01E6D1DD50003B532 /* AccountViewController.swift */,
				66A563E21E6D346C0003B532 /* AddressViewController.swift */,
				66A563E41E6D3D210003B532 /* EditAddressViewController.swift */,
				660501AC1E6E44F100F899FD /* BindingPhoneViewController.swift */,
				660501AE1E6E494A00F899FD /* NewPhoneViewController.swift */,
				660501B01E6E498D00F899FD /* UpdatePhoneViewController.swift */,
				660501B21E6E537200F899FD /* UpdatePwdViewController.swift */,
				6698DF641E6E59FF0037D646 /* AbortViewController.swift */,
			);
			path = User;
			sourceTree = "<group>";
		};
		66A563D71E694CE40003B532 /* Login */ = {
			isa = PBXGroup;
			children = (
				66A563D81E694D340003B532 /* LoginViewController.swift */,
				AF4DDF6D1E6C465C00BAEFDF /* RegistViewController.swift */,
			);
			path = Login;
			sourceTree = "<group>";
		};
		66CFC3231E71395F00CB859C /* Order */ = {
			isa = PBXGroup;
			children = (
				66CFC32E1E713CCA00CB859C /* OrderPageViewController.swift */,
				66CFC32C1E713C8F00CB859C /* AllOrderViewController.swift */,
				66CFC3241E713C1B00CB859C /* NeedPayViewController.swift */,
				66CFC3261E713C2E00CB859C /* NeedAcceptViewController.swift */,
				66CFC32A1E713C8200CB859C /* NeedEvaluateViewController.swift */,
				66CFC3281E713C4700CB859C /* RefundViewController.swift */,
			);
			path = Order;
			sourceTree = "<group>";
		};
		66E6ED0D1E70EF570009FE9C /* OrderVC */ = {
			isa = PBXGroup;
			children = (
				66E6ED0E1E70EF700009FE9C /* CommitOrderViewController.swift */,
				66CFC31F1E71109800CB859C /* PayViewController.swift */,
			);
			path = OrderVC;
			sourceTree = "<group>";
		};
		AF4DDF711E6C52B300BAEFDF /* Model */ = {
			isa = PBXGroup;
			children = (
				AF4DDF721E6C52B300BAEFDF /* UserModel.swift */,
			);
			path = Model;
			sourceTree = "<group>";
		};
		AF5FD72F1E68FC70003A2343 /* 3rdparty */ = {
			isa = PBXGroup;
			children = (
				6698DF711E6E94FE0037D646 /* YRCoverFlowLayout */,
				662469B71E690F4A0001C31F /* DrawerViewController */,
			);
			path = 3rdparty;
			sourceTree = "<group>";
		};
		D7EE56AC3C8BD840915D5870 /* Pods */ = {
			isa = PBXGroup;
			children = (
				64DDB78FCEC7401089CA01B6 /* Pods-FameShopping.debug.xcconfig */,
				FB441D473B5556AAD26B19DE /* Pods-FameShopping.release.xcconfig */,
			);
			name = Pods;
			sourceTree = "<group>";
		};
		DCDB2BDC594989A1D61F6C71 /* Frameworks */ = {
			isa = PBXGroup;
			children = (
				B5B29D162FB44FEC599B3FC8 /* Pods_FameShopping.framework */,
			);
			name = Frameworks;
			sourceTree = "<group>";
		};
/* End PBXGroup section */

/* Begin PBXNativeTarget section */
		6624699B1E68EBB50001C31F /* FameShopping */ = {
			isa = PBXNativeTarget;
			buildConfigurationList = 662469AE1E68EBB60001C31F /* Build configuration list for PBXNativeTarget "FameShopping" */;
			buildPhases = (
				2A80A3AC765F30E185326860 /* [CP] Check Pods Manifest.lock */,
				662469981E68EBB50001C31F /* Sources */,
				662469991E68EBB50001C31F /* Frameworks */,
				6624699A1E68EBB50001C31F /* Resources */,
				EF6D27A92B627A03351A2A44 /* [CP] Embed Pods Frameworks */,
				9122AFF47E62698A62DE4572 /* [CP] Copy Pods Resources */,
			);
			buildRules = (
			);
			dependencies = (
			);
			name = FameShopping;
			productName = FameShopping;
			productReference = 6624699C1E68EBB50001C31F /* FameShopping.app */;
			productType = "com.apple.product-type.application";
		};
/* End PBXNativeTarget section */

/* Begin PBXProject section */
		662469941E68EBB50001C31F /* Project object */ = {
			isa = PBXProject;
			attributes = {
				LastSwiftUpdateCheck = 0820;
				LastUpgradeCheck = 0820;
				ORGANIZATIONNAME = YunTu;
				TargetAttributes = {
					6624699B1E68EBB50001C31F = {
						CreatedOnToolsVersion = 8.2;
						DevelopmentTeam = PA5REWWP2Y;
						ProvisioningStyle = Automatic;
					};
				};
			};
			buildConfigurationList = 662469971E68EBB50001C31F /* Build configuration list for PBXProject "FameShopping" */;
			compatibilityVersion = "Xcode 3.2";
			developmentRegion = English;
			hasScannedForEncodings = 0;
			knownRegions = (
				en,
				Base,
			);
			mainGroup = 662469931E68EBB50001C31F;
			productRefGroup = 6624699D1E68EBB50001C31F /* Products */;
			projectDirPath = "";
			projectRoot = "";
			targets = (
				6624699B1E68EBB50001C31F /* FameShopping */,
			);
		};
/* End PBXProject section */

/* Begin PBXResourcesBuildPhase section */
		6624699A1E68EBB50001C31F /* Resources */ = {
			isa = PBXResourcesBuildPhase;
			buildActionMask = 2147483647;
			files = (
				662469AA1E68EBB60001C31F /* LaunchScreen.storyboard in Resources */,
				662469A71E68EBB60001C31F /* Assets.xcassets in Resources */,
				662469A51E68EBB60001C31F /* Main.storyboard in Resources */,
			);
			runOnlyForDeploymentPostprocessing = 0;
		};
/* End PBXResourcesBuildPhase section */

/* Begin PBXShellScriptBuildPhase section */
		2A80A3AC765F30E185326860 /* [CP] Check Pods Manifest.lock */ = {
			isa = PBXShellScriptBuildPhase;
			buildActionMask = 2147483647;
			files = (
			);
			inputPaths = (
			);
			name = "[CP] Check Pods Manifest.lock";
			outputPaths = (
			);
			runOnlyForDeploymentPostprocessing = 0;
			shellPath = /bin/sh;
			shellScript = "diff \"${PODS_ROOT}/../Podfile.lock\" \"${PODS_ROOT}/Manifest.lock\" > /dev/null\nif [ $? != 0 ] ; then\n    # print error to STDERR\n    echo \"error: The sandbox is not in sync with the Podfile.lock. Run 'pod install' or update your CocoaPods installation.\" >&2\n    exit 1\nfi\n";
			showEnvVarsInLog = 0;
		};
		9122AFF47E62698A62DE4572 /* [CP] Copy Pods Resources */ = {
			isa = PBXShellScriptBuildPhase;
			buildActionMask = 2147483647;
			files = (
			);
			inputPaths = (
			);
			name = "[CP] Copy Pods Resources";
			outputPaths = (
			);
			runOnlyForDeploymentPostprocessing = 0;
			shellPath = /bin/sh;
			shellScript = "\"${SRCROOT}/Pods/Target Support Files/Pods-FameShopping/Pods-FameShopping-resources.sh\"\n";
			showEnvVarsInLog = 0;
		};
		EF6D27A92B627A03351A2A44 /* [CP] Embed Pods Frameworks */ = {
			isa = PBXShellScriptBuildPhase;
			buildActionMask = 2147483647;
			files = (
			);
			inputPaths = (
			);
			name = "[CP] Embed Pods Frameworks";
			outputPaths = (
			);
			runOnlyForDeploymentPostprocessing = 0;
			shellPath = /bin/sh;
			shellScript = "\"${SRCROOT}/Pods/Target Support Files/Pods-FameShopping/Pods-FameShopping-frameworks.sh\"\n";
			showEnvVarsInLog = 0;
		};
/* End PBXShellScriptBuildPhase section */

/* Begin PBXSourcesBuildPhase section */
		662469981E68EBB50001C31F /* Sources */ = {
			isa = PBXSourcesBuildPhase;
			buildActionMask = 2147483647;
			files = (
				660501B31E6E537200F899FD /* UpdatePwdViewController.swift in Sources */,
				AF4DDF6E1E6C465C00BAEFDF /* RegistViewController.swift in Sources */,
				66A563D61E69450A0003B532 /* UserViewController.swift in Sources */,
				662469BA1E690F4A0001C31F /* ITRAirSideMenu.m in Sources */,
				66CFC32D1E713C8F00CB859C /* AllOrderViewController.swift in Sources */,
				6698DF791E6FC3B90037D646 /* CollectionViewController.swift in Sources */,
				660501AF1E6E494A00F899FD /* NewPhoneViewController.swift in Sources */,
				66CFC3251E713C1B00CB859C /* NeedPayViewController.swift in Sources */,
				6698DF651E6E59FF0037D646 /* AbortViewController.swift in Sources */,
				66A563DB1E694EE00003B532 /* UITextFieldFactory.swift in Sources */,
				66CFC32F1E713CCA00CB859C /* OrderPageViewController.swift in Sources */,
				66CFC3201E71109800CB859C /* PayViewController.swift in Sources */,
				66A563D31E692B760003B532 /* Helpers.swift in Sources */,
				660501B11E6E498D00F899FD /* UpdatePhoneViewController.swift in Sources */,
				66A563DF1E6D0BE20003B532 /* SettingViewController.swift in Sources */,
				66A563E51E6D3D210003B532 /* EditAddressViewController.swift in Sources */,
				66CFC3271E713C2E00CB859C /* NeedAcceptViewController.swift in Sources */,
				662469B31E6902390001C31F /* MainViewController.swift in Sources */,
				6698DF6C1E6E87AF0037D646 /* GoodViewController.swift in Sources */,
				66CFC3221E7128D700CB859C /* NavBarExtend.swift in Sources */,
				6698DF701E6E87D80037D646 /* DetailViewController.swift in Sources */,
				6698DF6E1E6E87C50037D646 /* EvaluateViewController.swift in Sources */,
				66A563DD1E6CEF5D0003B532 /* UserInfoViewController.swift in Sources */,
				6698DF741E6E95190037D646 /* YRCoverFlowLayout.m in Sources */,
				AF4DDF701E6C478800BAEFDF /* UIColor+More.swift in Sources */,
				66A563D91E694D340003B532 /* LoginViewController.swift in Sources */,
				662469A01E68EBB60001C31F /* AppDelegate.swift in Sources */,
				66CFC3291E713C4700CB859C /* RefundViewController.swift in Sources */,
				66CFC32B1E713C8200CB859C /* NeedEvaluateViewController.swift in Sources */,
				660501AD1E6E44F100F899FD /* BindingPhoneViewController.swift in Sources */,
				66E6ED0F1E70EF700009FE9C /* CommitOrderViewController.swift in Sources */,
				66A563E31E6D346C0003B532 /* AddressViewController.swift in Sources */,
				66A563E11E6D1DD50003B532 /* AccountViewController.swift in Sources */,
				662469C11E6918F10001C31F /* NetworkModel.swift in Sources */,
				6698DFA21E6FF0EB0037D646 /* CartViewController.swift in Sources */,
				AF4DDF731E6C52B300BAEFDF /* UserModel.swift in Sources */,
				6698DF681E6E86B90037D646 /* GoodPageViewController.swift in Sources */,
				662469B61E6906320001C31F /* MenuViewController.swift in Sources */,
			);
			runOnlyForDeploymentPostprocessing = 0;
		};
/* End PBXSourcesBuildPhase section */

/* Begin PBXVariantGroup section */
		662469A31E68EBB60001C31F /* Main.storyboard */ = {
			isa = PBXVariantGroup;
			children = (
				662469A41E68EBB60001C31F /* Base */,
			);
			name = Main.storyboard;
			sourceTree = "<group>";
		};
		662469A81E68EBB60001C31F /* LaunchScreen.storyboard */ = {
			isa = PBXVariantGroup;
			children = (
				662469A91E68EBB60001C31F /* Base */,
			);
			name = LaunchScreen.storyboard;
			sourceTree = "<group>";
		};
/* End PBXVariantGroup section */

/* Begin XCBuildConfiguration section */
		662469AC1E68EBB60001C31F /* Debug */ = {
			isa = XCBuildConfiguration;
			buildSettings = {
				ALWAYS_SEARCH_USER_PATHS = NO;
				CLANG_ANALYZER_NONNULL = YES;
				CLANG_CXX_LANGUAGE_STANDARD = "gnu++0x";
				CLANG_CXX_LIBRARY = "libc++";
				CLANG_ENABLE_MODULES = YES;
				CLANG_ENABLE_OBJC_ARC = YES;
				CLANG_WARN_BOOL_CONVERSION = YES;
				CLANG_WARN_CONSTANT_CONVERSION = YES;
				CLANG_WARN_DIRECT_OBJC_ISA_USAGE = YES_ERROR;
				CLANG_WARN_DOCUMENTATION_COMMENTS = YES;
				CLANG_WARN_EMPTY_BODY = YES;
				CLANG_WARN_ENUM_CONVERSION = YES;
				CLANG_WARN_INFINITE_RECURSION = YES;
				CLANG_WARN_INT_CONVERSION = YES;
				CLANG_WARN_OBJC_ROOT_CLASS = YES_ERROR;
				CLANG_WARN_SUSPICIOUS_MOVE = YES;
				CLANG_WARN_UNREACHABLE_CODE = YES;
				CLANG_WARN__DUPLICATE_METHOD_MATCH = YES;
				"CODE_SIGN_IDENTITY[sdk=iphoneos*]" = "iPhone Developer";
				COPY_PHASE_STRIP = NO;
				DEBUG_INFORMATION_FORMAT = dwarf;
				ENABLE_STRICT_OBJC_MSGSEND = YES;
				ENABLE_TESTABILITY = YES;
				GCC_C_LANGUAGE_STANDARD = gnu99;
				GCC_DYNAMIC_NO_PIC = NO;
				GCC_NO_COMMON_BLOCKS = YES;
				GCC_OPTIMIZATION_LEVEL = 0;
				GCC_PREPROCESSOR_DEFINITIONS = (
					"DEBUG=1",
					"$(inherited)",
				);
				GCC_WARN_64_TO_32_BIT_CONVERSION = YES;
				GCC_WARN_ABOUT_RETURN_TYPE = YES_ERROR;
				GCC_WARN_UNDECLARED_SELECTOR = YES;
				GCC_WARN_UNINITIALIZED_AUTOS = YES_AGGRESSIVE;
				GCC_WARN_UNUSED_FUNCTION = YES;
				GCC_WARN_UNUSED_VARIABLE = YES;
				IPHONEOS_DEPLOYMENT_TARGET = 10.2;
				MTL_ENABLE_DEBUG_INFO = YES;
				ONLY_ACTIVE_ARCH = YES;
				SDKROOT = iphoneos;
				SWIFT_ACTIVE_COMPILATION_CONDITIONS = DEBUG;
				SWIFT_OPTIMIZATION_LEVEL = "-Onone";
			};
			name = Debug;
		};
		662469AD1E68EBB60001C31F /* Release */ = {
			isa = XCBuildConfiguration;
			buildSettings = {
				ALWAYS_SEARCH_USER_PATHS = NO;
				CLANG_ANALYZER_NONNULL = YES;
				CLANG_CXX_LANGUAGE_STANDARD = "gnu++0x";
				CLANG_CXX_LIBRARY = "libc++";
				CLANG_ENABLE_MODULES = YES;
				CLANG_ENABLE_OBJC_ARC = YES;
				CLANG_WARN_BOOL_CONVERSION = YES;
				CLANG_WARN_CONSTANT_CONVERSION = YES;
				CLANG_WARN_DIRECT_OBJC_ISA_USAGE = YES_ERROR;
				CLANG_WARN_DOCUMENTATION_COMMENTS = YES;
				CLANG_WARN_EMPTY_BODY = YES;
				CLANG_WARN_ENUM_CONVERSION = YES;
				CLANG_WARN_INFINITE_RECURSION = YES;
				CLANG_WARN_INT_CONVERSION = YES;
				CLANG_WARN_OBJC_ROOT_CLASS = YES_ERROR;
				CLANG_WARN_SUSPICIOUS_MOVE = YES;
				CLANG_WARN_UNREACHABLE_CODE = YES;
				CLANG_WARN__DUPLICATE_METHOD_MATCH = YES;
				"CODE_SIGN_IDENTITY[sdk=iphoneos*]" = "iPhone Developer";
				COPY_PHASE_STRIP = NO;
				DEBUG_INFORMATION_FORMAT = "dwarf-with-dsym";
				ENABLE_NS_ASSERTIONS = NO;
				ENABLE_STRICT_OBJC_MSGSEND = YES;
				GCC_C_LANGUAGE_STANDARD = gnu99;
				GCC_NO_COMMON_BLOCKS = YES;
				GCC_WARN_64_TO_32_BIT_CONVERSION = YES;
				GCC_WARN_ABOUT_RETURN_TYPE = YES_ERROR;
				GCC_WARN_UNDECLARED_SELECTOR = YES;
				GCC_WARN_UNINITIALIZED_AUTOS = YES_AGGRESSIVE;
				GCC_WARN_UNUSED_FUNCTION = YES;
				GCC_WARN_UNUSED_VARIABLE = YES;
				IPHONEOS_DEPLOYMENT_TARGET = 10.2;
				MTL_ENABLE_DEBUG_INFO = NO;
				SDKROOT = iphoneos;
				SWIFT_OPTIMIZATION_LEVEL = "-Owholemodule";
				VALIDATE_PRODUCT = YES;
			};
			name = Release;
		};
		662469AF1E68EBB60001C31F /* Debug */ = {
			isa = XCBuildConfiguration;
			baseConfigurationReference = 64DDB78FCEC7401089CA01B6 /* Pods-FameShopping.debug.xcconfig */;
			buildSettings = {
				ASSETCATALOG_COMPILER_APPICON_NAME = AppIcon;
				ASSETCATALOG_COMPILER_LAUNCHIMAGE_NAME = LaunchImage;
				DEVELOPMENT_TEAM = PA5REWWP2Y;
				INFOPLIST_FILE = FameShopping/Info.plist;
				IPHONEOS_DEPLOYMENT_TARGET = 8.0;
				LD_RUNPATH_SEARCH_PATHS = "$(inherited) @executable_path/Frameworks";
				PRODUCT_BUNDLE_IDENTIFIER = com.work.FameShopping;
				PRODUCT_NAME = "$(TARGET_NAME)";
				SWIFT_OBJC_BRIDGING_HEADER = "FameShopping/Util/FameShopping-Bridging-Header.h";
				SWIFT_VERSION = 3.0;
			};
			name = Debug;
		};
		662469B01E68EBB60001C31F /* Release */ = {
			isa = XCBuildConfiguration;
			baseConfigurationReference = FB441D473B5556AAD26B19DE /* Pods-FameShopping.release.xcconfig */;
			buildSettings = {
				ASSETCATALOG_COMPILER_APPICON_NAME = AppIcon;
				ASSETCATALOG_COMPILER_LAUNCHIMAGE_NAME = LaunchImage;
				DEVELOPMENT_TEAM = PA5REWWP2Y;
				INFOPLIST_FILE = FameShopping/Info.plist;
				IPHONEOS_DEPLOYMENT_TARGET = 8.0;
				LD_RUNPATH_SEARCH_PATHS = "$(inherited) @executable_path/Frameworks";
				PRODUCT_BUNDLE_IDENTIFIER = com.work.FameShopping;
				PRODUCT_NAME = "$(TARGET_NAME)";
				SWIFT_OBJC_BRIDGING_HEADER = "FameShopping/Util/FameShopping-Bridging-Header.h";
				SWIFT_VERSION = 3.0;
			};
			name = Release;
		};
/* End XCBuildConfiguration section */

/* Begin XCConfigurationList section */
		662469971E68EBB50001C31F /* Build configuration list for PBXProject "FameShopping" */ = {
			isa = XCConfigurationList;
			buildConfigurations = (
				662469AC1E68EBB60001C31F /* Debug */,
				662469AD1E68EBB60001C31F /* Release */,
			);
			defaultConfigurationIsVisible = 0;
			defaultConfigurationName = Release;
		};
		662469AE1E68EBB60001C31F /* Build configuration list for PBXNativeTarget "FameShopping" */ = {
			isa = XCConfigurationList;
			buildConfigurations = (
				662469AF1E68EBB60001C31F /* Debug */,
				662469B01E68EBB60001C31F /* Release */,
			);
			defaultConfigurationIsVisible = 0;
			defaultConfigurationName = Release;
		};
/* End XCConfigurationList section */
	};
	rootObject = 662469941E68EBB50001C31F /* Project object */;
}
